// !$*UTF8*$!
{
	archiveVersion = 1;
	classes = {
	};
	objectVersion = 46;
	objects = {

/* Begin PBXBuildFile section */
		8B0AF7C4196E234400D6A575 /* Category.h in Copy Files */ = {isa = PBXBuildFile; fileRef = 8B0AF7BF196E21A800D6A575 /* Category.h */; };
		8B0AFBB6196E692000D6A575 /* NSData+Addition.m in Sources */ = {isa = PBXBuildFile; fileRef = 8B0AFB85196E691F00D6A575 /* NSData+Addition.m */; };
		8B0AFBB7196E692000D6A575 /* NSDate+Addition.m in Sources */ = {isa = PBXBuildFile; fileRef = 8B0AFB87196E691F00D6A575 /* NSDate+Addition.m */; };
		8B0AFBB8196E692000D6A575 /* NSFileManager+ Addition.m in Sources */ = {isa = PBXBuildFile; fileRef = 8B0AFB88196E691F00D6A575 /* NSFileManager+ Addition.m */; };
		8B0AFBB9196E692000D6A575 /* NSString+Addition.m in Sources */ = {isa = PBXBuildFile; fileRef = 8B0AFB8B196E691F00D6A575 /* NSString+Addition.m */; };
		8B0AFBBA196E692000D6A575 /* NSString+FilterEmoji.m in Sources */ = {isa = PBXBuildFile; fileRef = 8B0AFB8D196E691F00D6A575 /* NSString+FilterEmoji.m */; };
		8B0AFBBB196E692000D6A575 /* NSString+MD5Addition.m in Sources */ = {isa = PBXBuildFile; fileRef = 8B0AFB8F196E691F00D6A575 /* NSString+MD5Addition.m */; };
		8B0AFBBC196E692000D6A575 /* NSString+Regular.m in Sources */ = {isa = PBXBuildFile; fileRef = 8B0AFB91196E691F00D6A575 /* NSString+Regular.m */; };
		8B0AFBBD196E692000D6A575 /* UIAlertView+Addition.m in Sources */ = {isa = PBXBuildFile; fileRef = 8B0AFB93196E691F00D6A575 /* UIAlertView+Addition.m */; };
		8B0AFBBE196E692000D6A575 /* UIBezierPath+Symbol.m in Sources */ = {isa = PBXBuildFile; fileRef = 8B0AFB95196E691F00D6A575 /* UIBezierPath+Symbol.m */; };
		8B0AFBBF196E692000D6A575 /* UIButton+Addition.m in Sources */ = {isa = PBXBuildFile; fileRef = 8B0AFB97196E691F00D6A575 /* UIButton+Addition.m */; };
		8B0AFBC0196E692000D6A575 /* UIColor+Addition.m in Sources */ = {isa = PBXBuildFile; fileRef = 8B0AFB99196E691F00D6A575 /* UIColor+Addition.m */; };
		8B0AFBC1196E692000D6A575 /* UIDevice+DeviceInfo.m in Sources */ = {isa = PBXBuildFile; fileRef = 8B0AFB9B196E691F00D6A575 /* UIDevice+DeviceInfo.m */; };
		8B0AFBC2196E692000D6A575 /* UIDevice+IdentifierAddition.m in Sources */ = {isa = PBXBuildFile; fileRef = 8B0AFB9D196E691F00D6A575 /* UIDevice+IdentifierAddition.m */; };
		8B0AFBC3196E692000D6A575 /* UIImage+Addition.m in Sources */ = {isa = PBXBuildFile; fileRef = 8B0AFB9F196E691F00D6A575 /* UIImage+Addition.m */; };
		8B0AFBC4196E692000D6A575 /* UIImageView+LBBlurredImage.m in Sources */ = {isa = PBXBuildFile; fileRef = 8B0AFBA1196E692000D6A575 /* UIImageView+LBBlurredImage.m */; };
		8B0AFBC5196E692000D6A575 /* UILabel+AgileCreate.m in Sources */ = {isa = PBXBuildFile; fileRef = 8B0AFBA3196E692000D6A575 /* UILabel+AgileCreate.m */; };
		8B0AFBC6196E692000D6A575 /* UINavigationController+Retro.m in Sources */ = {isa = PBXBuildFile; fileRef = 8B0AFBA5196E692000D6A575 /* UINavigationController+Retro.m */; };
		8B0AFBC7196E692000D6A575 /* UITabBarController+Custom.m in Sources */ = {isa = PBXBuildFile; fileRef = 8B0AFBA7196E692000D6A575 /* UITabBarController+Custom.m */; };
		8B0AFBC8196E692000D6A575 /* UITextField+Addition.m in Sources */ = {isa = PBXBuildFile; fileRef = 8B0AFBA9196E692000D6A575 /* UITextField+Addition.m */; };
		8B0AFBC9196E692000D6A575 /* UITextField+LimitLength.m in Sources */ = {isa = PBXBuildFile; fileRef = 8B0AFBAB196E692000D6A575 /* UITextField+LimitLength.m */; };
		8B0AFBCA196E692000D6A575 /* UIView+Addition.m in Sources */ = {isa = PBXBuildFile; fileRef = 8B0AFBAD196E692000D6A575 /* UIView+Addition.m */; };
		8B0AFBCB196E692000D6A575 /* UIView+Animation.m in Sources */ = {isa = PBXBuildFile; fileRef = 8B0AFBAF196E692000D6A575 /* UIView+Animation.m */; };
		8B0AFBCC196E692000D6A575 /* UIView+AutoLayout.m in Sources */ = {isa = PBXBuildFile; fileRef = 8B0AFBB1196E692000D6A575 /* UIView+AutoLayout.m */; };
		8B0AFBCD196E692000D6A575 /* UIView+Frame.m in Sources */ = {isa = PBXBuildFile; fileRef = 8B0AFBB3196E692000D6A575 /* UIView+Frame.m */; };
		8B0AFBCE196E692000D6A575 /* UIView+Layer.m in Sources */ = {isa = PBXBuildFile; fileRef = 8B0AFBB5196E692000D6A575 /* UIView+Layer.m */; };
		8B0AFC0C196E769800D6A575 /* ProHeader.h in Copy Files */ = {isa = PBXBuildFile; fileRef = 8BA05516196B7BDC00B7E082 /* ProHeader.h */; };
		8B0AFC19196E778700D6A575 /* BaseService.m in Sources */ = {isa = PBXBuildFile; fileRef = 8B0AFC10196E778700D6A575 /* BaseService.m */; };
		8B0AFC1A196E778700D6A575 /* BaseView.m in Sources */ = {isa = PBXBuildFile; fileRef = 8B0AFC12196E778700D6A575 /* BaseView.m */; };
		8B0AFC1B196E778700D6A575 /* BaseViewController.m in Sources */ = {isa = PBXBuildFile; fileRef = 8B0AFC14196E778700D6A575 /* BaseViewController.m */; };
		8B0AFC1C196E778700D6A575 /* CoreDataStorage.m in Sources */ = {isa = PBXBuildFile; fileRef = 8B0AFC17196E778700D6A575 /* CoreDataStorage.m */; };
		8B0AFC25196E78B200D6A575 /* MBProgressHUD.m in Sources */ = {isa = PBXBuildFile; fileRef = 8B0AFC20196E78B200D6A575 /* MBProgressHUD.m */; settings = {COMPILER_FLAGS = "-fno-objc-arc"; }; };
		8B0AFC26196E78B200D6A575 /* OMGToast.m in Sources */ = {isa = PBXBuildFile; fileRef = 8B0AFC22196E78B200D6A575 /* OMGToast.m */; settings = {COMPILER_FLAGS = "-fno-objc-arc"; }; };
		8B0AFC27196E78B200D6A575 /* WaitingHud.m in Sources */ = {isa = PBXBuildFile; fileRef = 8B0AFC24196E78B200D6A575 /* WaitingHud.m */; };
		8B97EBFF196E8EBE0001BA0E /* CoreGraphics.framework in Frameworks */ = {isa = PBXBuildFile; fileRef = 8B97EBFE196E8EBE0001BA0E /* CoreGraphics.framework */; };
		8B97EC01196E96990001BA0E /* AVFoundation.framework in Frameworks */ = {isa = PBXBuildFile; fileRef = 8B97EC00196E96990001BA0E /* AVFoundation.framework */; };
		8BA054F1196B7B8900B7E082 /* Foundation.framework in Frameworks */ = {isa = PBXBuildFile; fileRef = 8BA054F0196B7B8900B7E082 /* Foundation.framework */; };
		8BA054F6196B7B8A00B7E082 /* ProService.h in Copy Files */ = {isa = PBXBuildFile; fileRef = 8BA054F5196B7B8A00B7E082 /* ProService.h */; };
		8BA054F8196B7B8A00B7E082 /* ProService.m in Sources */ = {isa = PBXBuildFile; fileRef = 8BA054F7196B7B8A00B7E082 /* ProService.m */; };
		8BA054FF196B7B8A00B7E082 /* XCTest.framework in Frameworks */ = {isa = PBXBuildFile; fileRef = 8BA054FE196B7B8A00B7E082 /* XCTest.framework */; };
		8BA05500196B7B8A00B7E082 /* Foundation.framework in Frameworks */ = {isa = PBXBuildFile; fileRef = 8BA054F0196B7B8900B7E082 /* Foundation.framework */; };
		8BA05502196B7B8A00B7E082 /* UIKit.framework in Frameworks */ = {isa = PBXBuildFile; fileRef = 8BA05501196B7B8A00B7E082 /* UIKit.framework */; };
		8BA05505196B7B8A00B7E082 /* libProService.a in Frameworks */ = {isa = PBXBuildFile; fileRef = 8BA054ED196B7B8900B7E082 /* libProService.a */; };
		8BA0550B196B7B8A00B7E082 /* InfoPlist.strings in Resources */ = {isa = PBXBuildFile; fileRef = 8BA05509196B7B8A00B7E082 /* InfoPlist.strings */; };
		8BA0550D196B7B8A00B7E082 /* ProServiceTests.m in Sources */ = {isa = PBXBuildFile; fileRef = 8BA0550C196B7B8A00B7E082 /* ProServiceTests.m */; };
/* End PBXBuildFile section */

/* Begin PBXContainerItemProxy section */
		8BA05503196B7B8A00B7E082 /* PBXContainerItemProxy */ = {
			isa = PBXContainerItemProxy;
			containerPortal = 8BA054E5196B7B8900B7E082 /* Project object */;
			proxyType = 1;
			remoteGlobalIDString = 8BA054EC196B7B8900B7E082;
			remoteInfo = ProService;
		};
/* End PBXContainerItemProxy section */

/* Begin PBXCopyFilesBuildPhase section */
		8BA054EB196B7B8900B7E082 /* Copy Files */ = {
			isa = PBXCopyFilesBuildPhase;
			buildActionMask = 2147483647;
			dstPath = "include/$(PRODUCT_NAME)";
			dstSubfolderSpec = 16;
			files = (
				8B0AFC0C196E769800D6A575 /* ProHeader.h in Copy Files */,
				8B0AF7C4196E234400D6A575 /* Category.h in Copy Files */,
				8BA054F6196B7B8A00B7E082 /* ProService.h in Copy Files */,
			);
			name = "Copy Files";
			runOnlyForDeploymentPostprocessing = 0;
		};
/* End PBXCopyFilesBuildPhase section */

/* Begin PBXFileReference section */
		8B0AF7BF196E21A800D6A575 /* Category.h */ = {isa = PBXFileReference; lastKnownFileType = sourcecode.c.h; path = Category.h; sourceTree = "<group>"; };
		8B0AFB84196E691F00D6A575 /* NSData+Addition.h */ = {isa = PBXFileReference; fileEncoding = 4; lastKnownFileType = sourcecode.c.h; path = "NSData+Addition.h"; sourceTree = "<group>"; };
		8B0AFB85196E691F00D6A575 /* NSData+Addition.m */ = {isa = PBXFileReference; fileEncoding = 4; lastKnownFileType = sourcecode.c.objc; path = "NSData+Addition.m"; sourceTree = "<group>"; };
		8B0AFB86196E691F00D6A575 /* NSDate+Addition.h */ = {isa = PBXFileReference; fileEncoding = 4; lastKnownFileType = sourcecode.c.h; path = "NSDate+Addition.h"; sourceTree = "<group>"; };
		8B0AFB87196E691F00D6A575 /* NSDate+Addition.m */ = {isa = PBXFileReference; fileEncoding = 4; lastKnownFileType = sourcecode.c.objc; path = "NSDate+Addition.m"; sourceTree = "<group>"; };
		8B0AFB88196E691F00D6A575 /* NSFileManager+ Addition.m */ = {isa = PBXFileReference; fileEncoding = 4; lastKnownFileType = sourcecode.c.objc; path = "NSFileManager+ Addition.m"; sourceTree = "<group>"; };
		8B0AFB89196E691F00D6A575 /* NSFileManager+Addition.h */ = {isa = PBXFileReference; fileEncoding = 4; lastKnownFileType = sourcecode.c.h; path = "NSFileManager+Addition.h"; sourceTree = "<group>"; };
		8B0AFB8A196E691F00D6A575 /* NSString+Addition.h */ = {isa = PBXFileReference; fileEncoding = 4; lastKnownFileType = sourcecode.c.h; path = "NSString+Addition.h"; sourceTree = "<group>"; };
		8B0AFB8B196E691F00D6A575 /* NSString+Addition.m */ = {isa = PBXFileReference; fileEncoding = 4; lastKnownFileType = sourcecode.c.objc; path = "NSString+Addition.m"; sourceTree = "<group>"; };
		8B0AFB8C196E691F00D6A575 /* NSString+FilterEmoji.h */ = {isa = PBXFileReference; fileEncoding = 4; lastKnownFileType = sourcecode.c.h; path = "NSString+FilterEmoji.h"; sourceTree = "<group>"; };
		8B0AFB8D196E691F00D6A575 /* NSString+FilterEmoji.m */ = {isa = PBXFileReference; fileEncoding = 4; lastKnownFileType = sourcecode.c.objc; path = "NSString+FilterEmoji.m"; sourceTree = "<group>"; };
		8B0AFB8E196E691F00D6A575 /* NSString+MD5Addition.h */ = {isa = PBXFileReference; fileEncoding = 4; lastKnownFileType = sourcecode.c.h; path = "NSString+MD5Addition.h"; sourceTree = "<group>"; };
		8B0AFB8F196E691F00D6A575 /* NSString+MD5Addition.m */ = {isa = PBXFileReference; fileEncoding = 4; lastKnownFileType = sourcecode.c.objc; path = "NSString+MD5Addition.m"; sourceTree = "<group>"; };
		8B0AFB90196E691F00D6A575 /* NSString+Regular.h */ = {isa = PBXFileReference; fileEncoding = 4; lastKnownFileType = sourcecode.c.h; path = "NSString+Regular.h"; sourceTree = "<group>"; };
		8B0AFB91196E691F00D6A575 /* NSString+Regular.m */ = {isa = PBXFileReference; fileEncoding = 4; lastKnownFileType = sourcecode.c.objc; path = "NSString+Regular.m"; sourceTree = "<group>"; };
		8B0AFB92196E691F00D6A575 /* UIAlertView+Addition.h */ = {isa = PBXFileReference; fileEncoding = 4; lastKnownFileType = sourcecode.c.h; path = "UIAlertView+Addition.h"; sourceTree = "<group>"; };
		8B0AFB93196E691F00D6A575 /* UIAlertView+Addition.m */ = {isa = PBXFileReference; fileEncoding = 4; lastKnownFileType = sourcecode.c.objc; path = "UIAlertView+Addition.m"; sourceTree = "<group>"; };
		8B0AFB94196E691F00D6A575 /* UIBezierPath+Symbol.h */ = {isa = PBXFileReference; fileEncoding = 4; lastKnownFileType = sourcecode.c.h; path = "UIBezierPath+Symbol.h"; sourceTree = "<group>"; };
		8B0AFB95196E691F00D6A575 /* UIBezierPath+Symbol.m */ = {isa = PBXFileReference; fileEncoding = 4; lastKnownFileType = sourcecode.c.objc; path = "UIBezierPath+Symbol.m"; sourceTree = "<group>"; };
		8B0AFB96196E691F00D6A575 /* UIButton+Addition.h */ = {isa = PBXFileReference; fileEncoding = 4; lastKnownFileType = sourcecode.c.h; path = "UIButton+Addition.h"; sourceTree = "<group>"; };
		8B0AFB97196E691F00D6A575 /* UIButton+Addition.m */ = {isa = PBXFileReference; fileEncoding = 4; lastKnownFileType = sourcecode.c.objc; path = "UIButton+Addition.m"; sourceTree = "<group>"; };
		8B0AFB98196E691F00D6A575 /* UIColor+Addition.h */ = {isa = PBXFileReference; fileEncoding = 4; lastKnownFileType = sourcecode.c.h; path = "UIColor+Addition.h"; sourceTree = "<group>"; };
		8B0AFB99196E691F00D6A575 /* UIColor+Addition.m */ = {isa = PBXFileReference; fileEncoding = 4; lastKnownFileType = sourcecode.c.objc; path = "UIColor+Addition.m"; sourceTree = "<group>"; };
		8B0AFB9A196E691F00D6A575 /* UIDevice+DeviceInfo.h */ = {isa = PBXFileReference; fileEncoding = 4; lastKnownFileType = sourcecode.c.h; path = "UIDevice+DeviceInfo.h"; sourceTree = "<group>"; };
		8B0AFB9B196E691F00D6A575 /* UIDevice+DeviceInfo.m */ = {isa = PBXFileReference; fileEncoding = 4; lastKnownFileType = sourcecode.c.objc; path = "UIDevice+DeviceInfo.m"; sourceTree = "<group>"; };
		8B0AFB9C196E691F00D6A575 /* UIDevice+IdentifierAddition.h */ = {isa = PBXFileReference; fileEncoding = 4; lastKnownFileType = sourcecode.c.h; path = "UIDevice+IdentifierAddition.h"; sourceTree = "<group>"; };
		8B0AFB9D196E691F00D6A575 /* UIDevice+IdentifierAddition.m */ = {isa = PBXFileReference; fileEncoding = 4; lastKnownFileType = sourcecode.c.objc; path = "UIDevice+IdentifierAddition.m"; sourceTree = "<group>"; };
		8B0AFB9E196E691F00D6A575 /* UIImage+Addition.h */ = {isa = PBXFileReference; fileEncoding = 4; lastKnownFileType = sourcecode.c.h; path = "UIImage+Addition.h"; sourceTree = "<group>"; };
		8B0AFB9F196E691F00D6A575 /* UIImage+Addition.m */ = {isa = PBXFileReference; fileEncoding = 4; lastKnownFileType = sourcecode.c.objc; path = "UIImage+Addition.m"; sourceTree = "<group>"; };
		8B0AFBA0196E691F00D6A575 /* UIImageView+LBBlurredImage.h */ = {isa = PBXFileReference; fileEncoding = 4; lastKnownFileType = sourcecode.c.h; path = "UIImageView+LBBlurredImage.h"; sourceTree = "<group>"; };
		8B0AFBA1196E692000D6A575 /* UIImageView+LBBlurredImage.m */ = {isa = PBXFileReference; fileEncoding = 4; lastKnownFileType = sourcecode.c.objc; path = "UIImageView+LBBlurredImage.m"; sourceTree = "<group>"; };
		8B0AFBA2196E692000D6A575 /* UILabel+AgileCreate.h */ = {isa = PBXFileReference; fileEncoding = 4; lastKnownFileType = sourcecode.c.h; path = "UILabel+AgileCreate.h"; sourceTree = "<group>"; };
		8B0AFBA3196E692000D6A575 /* UILabel+AgileCreate.m */ = {isa = PBXFileReference; fileEncoding = 4; lastKnownFileType = sourcecode.c.objc; path = "UILabel+AgileCreate.m"; sourceTree = "<group>"; };
		8B0AFBA4196E692000D6A575 /* UINavigationController+Retro.h */ = {isa = PBXFileReference; fileEncoding = 4; lastKnownFileType = sourcecode.c.h; path = "UINavigationController+Retro.h"; sourceTree = "<group>"; };
		8B0AFBA5196E692000D6A575 /* UINavigationController+Retro.m */ = {isa = PBXFileReference; fileEncoding = 4; lastKnownFileType = sourcecode.c.objc; path = "UINavigationController+Retro.m"; sourceTree = "<group>"; };
		8B0AFBA6196E692000D6A575 /* UITabBarController+Custom.h */ = {isa = PBXFileReference; fileEncoding = 4; lastKnownFileType = sourcecode.c.h; path = "UITabBarController+Custom.h"; sourceTree = "<group>"; };
		8B0AFBA7196E692000D6A575 /* UITabBarController+Custom.m */ = {isa = PBXFileReference; fileEncoding = 4; lastKnownFileType = sourcecode.c.objc; path = "UITabBarController+Custom.m"; sourceTree = "<group>"; };
		8B0AFBA8196E692000D6A575 /* UITextField+Addition.h */ = {isa = PBXFileReference; fileEncoding = 4; lastKnownFileType = sourcecode.c.h; path = "UITextField+Addition.h"; sourceTree = "<group>"; };
		8B0AFBA9196E692000D6A575 /* UITextField+Addition.m */ = {isa = PBXFileReference; fileEncoding = 4; lastKnownFileType = sourcecode.c.objc; path = "UITextField+Addition.m"; sourceTree = "<group>"; };
		8B0AFBAA196E692000D6A575 /* UITextField+LimitLength.h */ = {isa = PBXFileReference; fileEncoding = 4; lastKnownFileType = sourcecode.c.h; path = "UITextField+LimitLength.h"; sourceTree = "<group>"; };
		8B0AFBAB196E692000D6A575 /* UITextField+LimitLength.m */ = {isa = PBXFileReference; fileEncoding = 4; lastKnownFileType = sourcecode.c.objc; path = "UITextField+LimitLength.m"; sourceTree = "<group>"; };
		8B0AFBAC196E692000D6A575 /* UIView+Addition.h */ = {isa = PBXFileReference; fileEncoding = 4; lastKnownFileType = sourcecode.c.h; path = "UIView+Addition.h"; sourceTree = "<group>"; };
		8B0AFBAD196E692000D6A575 /* UIView+Addition.m */ = {isa = PBXFileReference; fileEncoding = 4; lastKnownFileType = sourcecode.c.objc; path = "UIView+Addition.m"; sourceTree = "<group>"; };
		8B0AFBAE196E692000D6A575 /* UIView+Animation.h */ = {isa = PBXFileReference; fileEncoding = 4; lastKnownFileType = sourcecode.c.h; path = "UIView+Animation.h"; sourceTree = "<group>"; };
		8B0AFBAF196E692000D6A575 /* UIView+Animation.m */ = {isa = PBXFileReference; fileEncoding = 4; lastKnownFileType = sourcecode.c.objc; path = "UIView+Animation.m"; sourceTree = "<group>"; };
		8B0AFBB0196E692000D6A575 /* UIView+AutoLayout.h */ = {isa = PBXFileReference; fileEncoding = 4; lastKnownFileType = sourcecode.c.h; path = "UIView+AutoLayout.h"; sourceTree = "<group>"; };
		8B0AFBB1196E692000D6A575 /* UIView+AutoLayout.m */ = {isa = PBXFileReference; fileEncoding = 4; lastKnownFileType = sourcecode.c.objc; path = "UIView+AutoLayout.m"; sourceTree = "<group>"; };
		8B0AFBB2196E692000D6A575 /* UIView+Frame.h */ = {isa = PBXFileReference; fileEncoding = 4; lastKnownFileType = sourcecode.c.h; path = "UIView+Frame.h"; sourceTree = "<group>"; };
		8B0AFBB3196E692000D6A575 /* UIView+Frame.m */ = {isa = PBXFileReference; fileEncoding = 4; lastKnownFileType = sourcecode.c.objc; path = "UIView+Frame.m"; sourceTree = "<group>"; };
		8B0AFBB4196E692000D6A575 /* UIView+Layer.h */ = {isa = PBXFileReference; fileEncoding = 4; lastKnownFileType = sourcecode.c.h; path = "UIView+Layer.h"; sourceTree = "<group>"; };
		8B0AFBB5196E692000D6A575 /* UIView+Layer.m */ = {isa = PBXFileReference; fileEncoding = 4; lastKnownFileType = sourcecode.c.objc; path = "UIView+Layer.m"; sourceTree = "<group>"; };
		8B0AFBD4196E6D2F00D6A575 /* AppConstants.h */ = {isa = PBXFileReference; fileEncoding = 4; lastKnownFileType = sourcecode.c.h; path = AppConstants.h; sourceTree = "<group>"; };
		8B0AFBD5196E6D2F00D6A575 /* MacroDefine.h */ = {isa = PBXFileReference; fileEncoding = 4; lastKnownFileType = sourcecode.c.h; path = MacroDefine.h; sourceTree = "<group>"; };
		8B0AFC0E196E778700D6A575 /* BaseProtocal.h */ = {isa = PBXFileReference; fileEncoding = 4; lastKnownFileType = sourcecode.c.h; path = BaseProtocal.h; sourceTree = "<group>"; };
		8B0AFC0F196E778700D6A575 /* BaseService.h */ = {isa = PBXFileReference; fileEncoding = 4; lastKnownFileType = sourcecode.c.h; path = BaseService.h; sourceTree = "<group>"; };
		8B0AFC10196E778700D6A575 /* BaseService.m */ = {isa = PBXFileReference; fileEncoding = 4; lastKnownFileType = sourcecode.c.objc; path = BaseService.m; sourceTree = "<group>"; };
		8B0AFC11196E778700D6A575 /* BaseView.h */ = {isa = PBXFileReference; fileEncoding = 4; lastKnownFileType = sourcecode.c.h; path = BaseView.h; sourceTree = "<group>"; };
		8B0AFC12196E778700D6A575 /* BaseView.m */ = {isa = PBXFileReference; fileEncoding = 4; lastKnownFileType = sourcecode.c.objc; path = BaseView.m; sourceTree = "<group>"; };
		8B0AFC13196E778700D6A575 /* BaseViewController.h */ = {isa = PBXFileReference; fileEncoding = 4; lastKnownFileType = sourcecode.c.h; path = BaseViewController.h; sourceTree = "<group>"; };
		8B0AFC14196E778700D6A575 /* BaseViewController.m */ = {isa = PBXFileReference; fileEncoding = 4; lastKnownFileType = sourcecode.c.objc; path = BaseViewController.m; sourceTree = "<group>"; };
		8B0AFC16196E778700D6A575 /* CoreDataStorage.h */ = {isa = PBXFileReference; fileEncoding = 4; lastKnownFileType = sourcecode.c.h; path = CoreDataStorage.h; sourceTree = "<group>"; };
		8B0AFC17196E778700D6A575 /* CoreDataStorage.m */ = {isa = PBXFileReference; fileEncoding = 4; lastKnownFileType = sourcecode.c.objc; path = CoreDataStorage.m; sourceTree = "<group>"; };
		8B0AFC18196E778700D6A575 /* CoreDataStorageProtected.h */ = {isa = PBXFileReference; fileEncoding = 4; lastKnownFileType = sourcecode.c.h; path = CoreDataStorageProtected.h; sourceTree = "<group>"; };
		8B0AFC1F196E78B200D6A575 /* MBProgressHUD.h */ = {isa = PBXFileReference; fileEncoding = 4; lastKnownFileType = sourcecode.c.h; path = MBProgressHUD.h; sourceTree = "<group>"; };
		8B0AFC20196E78B200D6A575 /* MBProgressHUD.m */ = {isa = PBXFileReference; fileEncoding = 4; lastKnownFileType = sourcecode.c.objc; path = MBProgressHUD.m; sourceTree = "<group>"; };
		8B0AFC21196E78B200D6A575 /* OMGToast.h */ = {isa = PBXFileReference; fileEncoding = 4; lastKnownFileType = sourcecode.c.h; path = OMGToast.h; sourceTree = "<group>"; };
		8B0AFC22196E78B200D6A575 /* OMGToast.m */ = {isa = PBXFileReference; fileEncoding = 4; lastKnownFileType = sourcecode.c.objc; path = OMGToast.m; sourceTree = "<group>"; };
		8B0AFC23196E78B200D6A575 /* WaitingHud.h */ = {isa = PBXFileReference; fileEncoding = 4; lastKnownFileType = sourcecode.c.h; path = WaitingHud.h; sourceTree = "<group>"; };
		8B0AFC24196E78B200D6A575 /* WaitingHud.m */ = {isa = PBXFileReference; fileEncoding = 4; lastKnownFileType = sourcecode.c.objc; path = WaitingHud.m; sourceTree = "<group>"; };
		8B97EBFE196E8EBE0001BA0E /* CoreGraphics.framework */ = {isa = PBXFileReference; lastKnownFileType = wrapper.framework; name = CoreGraphics.framework; path = System/Library/Frameworks/CoreGraphics.framework; sourceTree = SDKROOT; };
		8B97EC00196E96990001BA0E /* AVFoundation.framework */ = {isa = PBXFileReference; lastKnownFileType = wrapper.framework; name = AVFoundation.framework; path = System/Library/Frameworks/AVFoundation.framework; sourceTree = SDKROOT; };
		8BA054ED196B7B8900B7E082 /* libProService.a */ = {isa = PBXFileReference; explicitFileType = archive.ar; includeInIndex = 0; path = libProService.a; sourceTree = BUILT_PRODUCTS_DIR; };
		8BA054F0196B7B8900B7E082 /* Foundation.framework */ = {isa = PBXFileReference; lastKnownFileType = wrapper.framework; name = Foundation.framework; path = System/Library/Frameworks/Foundation.framework; sourceTree = SDKROOT; };
		8BA054F4196B7B8900B7E082 /* ProService-Prefix.pch */ = {isa = PBXFileReference; lastKnownFileType = sourcecode.c.h; path = "ProService-Prefix.pch"; sourceTree = "<group>"; };
		8BA054F5196B7B8A00B7E082 /* ProService.h */ = {isa = PBXFileReference; lastKnownFileType = sourcecode.c.h; path = ProService.h; sourceTree = "<group>"; };
		8BA054F7196B7B8A00B7E082 /* ProService.m */ = {isa = PBXFileReference; lastKnownFileType = sourcecode.c.objc; path = ProService.m; sourceTree = "<group>"; };
		8BA054FD196B7B8A00B7E082 /* ProServiceTests.xctest */ = {isa = PBXFileReference; explicitFileType = wrapper.cfbundle; includeInIndex = 0; path = ProServiceTests.xctest; sourceTree = BUILT_PRODUCTS_DIR; };
		8BA054FE196B7B8A00B7E082 /* XCTest.framework */ = {isa = PBXFileReference; lastKnownFileType = wrapper.framework; name = XCTest.framework; path = Library/Frameworks/XCTest.framework; sourceTree = DEVELOPER_DIR; };
		8BA05501196B7B8A00B7E082 /* UIKit.framework */ = {isa = PBXFileReference; lastKnownFileType = wrapper.framework; name = UIKit.framework; path = Library/Frameworks/UIKit.framework; sourceTree = DEVELOPER_DIR; };
		8BA05508196B7B8A00B7E082 /* ProServiceTests-Info.plist */ = {isa = PBXFileReference; lastKnownFileType = text.plist.xml; path = "ProServiceTests-Info.plist"; sourceTree = "<group>"; };
		8BA0550A196B7B8A00B7E082 /* en */ = {isa = PBXFileReference; lastKnownFileType = text.plist.strings; name = en; path = en.lproj/InfoPlist.strings; sourceTree = "<group>"; };
		8BA0550C196B7B8A00B7E082 /* ProServiceTests.m */ = {isa = PBXFileReference; lastKnownFileType = sourcecode.c.objc; path = ProServiceTests.m; sourceTree = "<group>"; };
		8BA05516196B7BDC00B7E082 /* ProHeader.h */ = {isa = PBXFileReference; fileEncoding = 4; lastKnownFileType = sourcecode.c.h; path = ProHeader.h; sourceTree = "<group>"; };
/* End PBXFileReference section */

/* Begin PBXFrameworksBuildPhase section */
		8BA054EA196B7B8900B7E082 /* Frameworks */ = {
			isa = PBXFrameworksBuildPhase;
			buildActionMask = 2147483647;
			files = (
				8B97EC01196E96990001BA0E /* AVFoundation.framework in Frameworks */,
				8B97EBFF196E8EBE0001BA0E /* CoreGraphics.framework in Frameworks */,
				8BA054F1196B7B8900B7E082 /* Foundation.framework in Frameworks */,
			);
			runOnlyForDeploymentPostprocessing = 0;
		};
		8BA054FA196B7B8A00B7E082 /* Frameworks */ = {
			isa = PBXFrameworksBuildPhase;
			buildActionMask = 2147483647;
			files = (
				8BA054FF196B7B8A00B7E082 /* XCTest.framework in Frameworks */,
				8BA05502196B7B8A00B7E082 /* UIKit.framework in Frameworks */,
				8BA05500196B7B8A00B7E082 /* Foundation.framework in Frameworks */,
				8BA05505196B7B8A00B7E082 /* libProService.a in Frameworks */,
			);
			runOnlyForDeploymentPostprocessing = 0;
		};
/* End PBXFrameworksBuildPhase section */

/* Begin PBXGroup section */
		8B0AFBD3196E6D2F00D6A575 /* AppDefine */ = {
			isa = PBXGroup;
			children = (
				8B0AFBD4196E6D2F00D6A575 /* AppConstants.h */,
				8B0AFBD5196E6D2F00D6A575 /* MacroDefine.h */,
			);
			path = AppDefine;
			sourceTree = "<group>";
		};
		8B0AFC0D196E778700D6A575 /* Super */ = {
			isa = PBXGroup;
			children = (
				8B0AFC0E196E778700D6A575 /* BaseProtocal.h */,
				8B0AFC0F196E778700D6A575 /* BaseService.h */,
				8B0AFC10196E778700D6A575 /* BaseService.m */,
				8B0AFC11196E778700D6A575 /* BaseView.h */,
				8B0AFC12196E778700D6A575 /* BaseView.m */,
				8B0AFC13196E778700D6A575 /* BaseViewController.h */,
				8B0AFC14196E778700D6A575 /* BaseViewController.m */,
				8B0AFC15196E778700D6A575 /* CoreDataStorage */,
			);
			path = Super;
			sourceTree = "<group>";
		};
		8B0AFC15196E778700D6A575 /* CoreDataStorage */ = {
			isa = PBXGroup;
			children = (
				8B0AFC16196E778700D6A575 /* CoreDataStorage.h */,
				8B0AFC17196E778700D6A575 /* CoreDataStorage.m */,
				8B0AFC18196E778700D6A575 /* CoreDataStorageProtected.h */,
			);
			path = CoreDataStorage;
			sourceTree = "<group>";
		};
		8B0AFC1D196E78B200D6A575 /* Lib */ = {
			isa = PBXGroup;
			children = (
				8B0AFC1E196E78B200D6A575 /* MBProgressHUD */,
			);
			path = Lib;
			sourceTree = "<group>";
		};
		8B0AFC1E196E78B200D6A575 /* MBProgressHUD */ = {
			isa = PBXGroup;
			children = (
				8B0AFC1F196E78B200D6A575 /* MBProgressHUD.h */,
				8B0AFC20196E78B200D6A575 /* MBProgressHUD.m */,
				8B0AFC21196E78B200D6A575 /* OMGToast.h */,
				8B0AFC22196E78B200D6A575 /* OMGToast.m */,
				8B0AFC23196E78B200D6A575 /* WaitingHud.h */,
				8B0AFC24196E78B200D6A575 /* WaitingHud.m */,
			);
			path = MBProgressHUD;
			sourceTree = "<group>";
		};
		8BA054E4196B7B8900B7E082 = {
			isa = PBXGroup;
			children = (
				8B0AFC1D196E78B200D6A575 /* Lib */,
				8B0AFC0D196E778700D6A575 /* Super */,
				8BA05517196B7C4E00B7E082 /* Category */,
				8BA054F2196B7B8900B7E082 /* ProService */,
				8BA05506196B7B8A00B7E082 /* ProServiceTests */,
				8BA054EF196B7B8900B7E082 /* Frameworks */,
				8BA054EE196B7B8900B7E082 /* Products */,
			);
			sourceTree = "<group>";
		};
		8BA054EE196B7B8900B7E082 /* Products */ = {
			isa = PBXGroup;
			children = (
				8BA054ED196B7B8900B7E082 /* libProService.a */,
				8BA054FD196B7B8A00B7E082 /* ProServiceTests.xctest */,
			);
			name = Products;
			sourceTree = "<group>";
		};
		8BA054EF196B7B8900B7E082 /* Frameworks */ = {
			isa = PBXGroup;
			children = (
				8B97EC00196E96990001BA0E /* AVFoundation.framework */,
				8B97EBFE196E8EBE0001BA0E /* CoreGraphics.framework */,
				8BA054F0196B7B8900B7E082 /* Foundation.framework */,
				8BA054FE196B7B8A00B7E082 /* XCTest.framework */,
				8BA05501196B7B8A00B7E082 /* UIKit.framework */,
			);
			name = Frameworks;
			sourceTree = "<group>";
		};
		8BA054F2196B7B8900B7E082 /* ProService */ = {
			isa = PBXGroup;
			children = (
				8B0AFBD3196E6D2F00D6A575 /* AppDefine */,
				8BA054F5196B7B8A00B7E082 /* ProService.h */,
				8BA054F7196B7B8A00B7E082 /* ProService.m */,
				8BA054F3196B7B8900B7E082 /* Supporting Files */,
				8BA05516196B7BDC00B7E082 /* ProHeader.h */,
			);
			path = ProService;
			sourceTree = "<group>";
		};
		8BA054F3196B7B8900B7E082 /* Supporting Files */ = {
			isa = PBXGroup;
			children = (
				8BA054F4196B7B8900B7E082 /* ProService-Prefix.pch */,
			);
			name = "Supporting Files";
			sourceTree = "<group>";
		};
		8BA05506196B7B8A00B7E082 /* ProServiceTests */ = {
			isa = PBXGroup;
			children = (
				8BA0550C196B7B8A00B7E082 /* ProServiceTests.m */,
				8BA05507196B7B8A00B7E082 /* Supporting Files */,
			);
			path = ProServiceTests;
			sourceTree = "<group>";
		};
		8BA05507196B7B8A00B7E082 /* Supporting Files */ = {
			isa = PBXGroup;
			children = (
				8BA05508196B7B8A00B7E082 /* ProServiceTests-Info.plist */,
				8BA05509196B7B8A00B7E082 /* InfoPlist.strings */,
			);
			name = "Supporting Files";
			sourceTree = "<group>";
		};
		8BA05517196B7C4E00B7E082 /* Category */ = {
			isa = PBXGroup;
			children = (
				8B0AFB84196E691F00D6A575 /* NSData+Addition.h */,
				8B0AFB85196E691F00D6A575 /* NSData+Addition.m */,
				8B0AFB86196E691F00D6A575 /* NSDate+Addition.h */,
				8B0AFB87196E691F00D6A575 /* NSDate+Addition.m */,
				8B0AFB88196E691F00D6A575 /* NSFileManager+ Addition.m */,
				8B0AFB89196E691F00D6A575 /* NSFileManager+Addition.h */,
				8B0AFB8A196E691F00D6A575 /* NSString+Addition.h */,
				8B0AFB8B196E691F00D6A575 /* NSString+Addition.m */,
				8B0AFB8C196E691F00D6A575 /* NSString+FilterEmoji.h */,
				8B0AFB8D196E691F00D6A575 /* NSString+FilterEmoji.m */,
				8B0AFB8E196E691F00D6A575 /* NSString+MD5Addition.h */,
				8B0AFB8F196E691F00D6A575 /* NSString+MD5Addition.m */,
				8B0AFB90196E691F00D6A575 /* NSString+Regular.h */,
				8B0AFB91196E691F00D6A575 /* NSString+Regular.m */,
				8B0AFB92196E691F00D6A575 /* UIAlertView+Addition.h */,
				8B0AFB93196E691F00D6A575 /* UIAlertView+Addition.m */,
				8B0AFB94196E691F00D6A575 /* UIBezierPath+Symbol.h */,
				8B0AFB95196E691F00D6A575 /* UIBezierPath+Symbol.m */,
				8B0AFB96196E691F00D6A575 /* UIButton+Addition.h */,
				8B0AFB97196E691F00D6A575 /* UIButton+Addition.m */,
				8B0AFB98196E691F00D6A575 /* UIColor+Addition.h */,
				8B0AFB99196E691F00D6A575 /* UIColor+Addition.m */,
				8B0AFB9A196E691F00D6A575 /* UIDevice+DeviceInfo.h */,
				8B0AFB9B196E691F00D6A575 /* UIDevice+DeviceInfo.m */,
				8B0AFB9C196E691F00D6A575 /* UIDevice+IdentifierAddition.h */,
				8B0AFB9D196E691F00D6A575 /* UIDevice+IdentifierAddition.m */,
				8B0AFB9E196E691F00D6A575 /* UIImage+Addition.h */,
				8B0AFB9F196E691F00D6A575 /* UIImage+Addition.m */,
				8B0AFBA0196E691F00D6A575 /* UIImageView+LBBlurredImage.h */,
				8B0AFBA1196E692000D6A575 /* UIImageView+LBBlurredImage.m */,
				8B0AFBA2196E692000D6A575 /* UILabel+AgileCreate.h */,
				8B0AFBA3196E692000D6A575 /* UILabel+AgileCreate.m */,
				8B0AFBA4196E692000D6A575 /* UINavigationController+Retro.h */,
				8B0AFBA5196E692000D6A575 /* UINavigationController+Retro.m */,
				8B0AFBA6196E692000D6A575 /* UITabBarController+Custom.h */,
				8B0AFBA7196E692000D6A575 /* UITabBarController+Custom.m */,
				8B0AFBA8196E692000D6A575 /* UITextField+Addition.h */,
				8B0AFBA9196E692000D6A575 /* UITextField+Addition.m */,
				8B0AFBAA196E692000D6A575 /* UITextField+LimitLength.h */,
				8B0AFBAB196E692000D6A575 /* UITextField+LimitLength.m */,
				8B0AFBAC196E692000D6A575 /* UIView+Addition.h */,
				8B0AFBAD196E692000D6A575 /* UIView+Addition.m */,
				8B0AFBAE196E692000D6A575 /* UIView+Animation.h */,
				8B0AFBAF196E692000D6A575 /* UIView+Animation.m */,
				8B0AFBB0196E692000D6A575 /* UIView+AutoLayout.h */,
				8B0AFBB1196E692000D6A575 /* UIView+AutoLayout.m */,
				8B0AFBB2196E692000D6A575 /* UIView+Frame.h */,
				8B0AFBB3196E692000D6A575 /* UIView+Frame.m */,
				8B0AFBB4196E692000D6A575 /* UIView+Layer.h */,
				8B0AFBB5196E692000D6A575 /* UIView+Layer.m */,
				8B0AF7BF196E21A800D6A575 /* Category.h */,
			);
			path = Category;
			sourceTree = "<group>";
		};
/* End PBXGroup section */

/* Begin PBXNativeTarget section */
		8BA054EC196B7B8900B7E082 /* ProService */ = {
			isa = PBXNativeTarget;
			buildConfigurationList = 8BA05510196B7B8A00B7E082 /* Build configuration list for PBXNativeTarget "ProService" */;
			buildPhases = (
				8BA054E9196B7B8900B7E082 /* Sources */,
				8BA054EA196B7B8900B7E082 /* Frameworks */,
				8BA054EB196B7B8900B7E082 /* Copy Files */,
				8B0AF7C2196E229F00D6A575 /* Prepare Framework */,
			);
			buildRules = (
			);
			dependencies = (
			);
			name = ProService;
			productName = ProService;
			productReference = 8BA054ED196B7B8900B7E082 /* libProService.a */;
			productType = "com.apple.product-type.library.static";
		};
		8BA054FC196B7B8A00B7E082 /* ProServiceTests */ = {
			isa = PBXNativeTarget;
			buildConfigurationList = 8BA05513196B7B8A00B7E082 /* Build configuration list for PBXNativeTarget "ProServiceTests" */;
			buildPhases = (
				8BA054F9196B7B8A00B7E082 /* Sources */,
				8BA054FA196B7B8A00B7E082 /* Frameworks */,
				8BA054FB196B7B8A00B7E082 /* Resources */,
			);
			buildRules = (
			);
			dependencies = (
				8BA05504196B7B8A00B7E082 /* PBXTargetDependency */,
			);
			name = ProServiceTests;
			productName = ProServiceTests;
			productReference = 8BA054FD196B7B8A00B7E082 /* ProServiceTests.xctest */;
			productType = "com.apple.product-type.bundle.unit-test";
		};
/* End PBXNativeTarget section */

/* Begin PBXProject section */
		8BA054E5196B7B8900B7E082 /* Project object */ = {
			isa = PBXProject;
			attributes = {
				LastUpgradeCheck = 0510;
				ORGANIZATIONNAME = WangJiangLei;
			};
			buildConfigurationList = 8BA054E8196B7B8900B7E082 /* Build configuration list for PBXProject "ProService" */;
			compatibilityVersion = "Xcode 3.2";
			developmentRegion = English;
			hasScannedForEncodings = 0;
			knownRegions = (
				en,
			);
			mainGroup = 8BA054E4196B7B8900B7E082;
			productRefGroup = 8BA054EE196B7B8900B7E082 /* Products */;
			projectDirPath = "";
			projectRoot = "";
			targets = (
				8BA054EC196B7B8900B7E082 /* ProService */,
				8BA054FC196B7B8A00B7E082 /* ProServiceTests */,
			);
		};
/* End PBXProject section */

/* Begin PBXResourcesBuildPhase section */
		8BA054FB196B7B8A00B7E082 /* Resources */ = {
			isa = PBXResourcesBuildPhase;
			buildActionMask = 2147483647;
			files = (
				8BA0550B196B7B8A00B7E082 /* InfoPlist.strings in Resources */,
			);
			runOnlyForDeploymentPostprocessing = 0;
		};
/* End PBXResourcesBuildPhase section */

/* Begin PBXShellScriptBuildPhase section */
		8B0AF7C2196E229F00D6A575 /* Prepare Framework */ = {
			isa = PBXShellScriptBuildPhase;
			buildActionMask = 2147483647;
			files = (
			);
			inputPaths = (
			);
			name = "Prepare Framework";
			outputPaths = (
			);
			runOnlyForDeploymentPostprocessing = 0;
			shellPath = /bin/sh;
			shellScript = "# define output folder environment variable\nUNIVERSAL_OUTPUTFOLDER=${BUILD_DIR}/${CONFIGURATION}-universal\nTARGET_NAME=ProjectName\n# Step 1. Build Device and Simulator versions\nxcodebuild -target ${TARGET_NAME} ONLY_ACTIVE_ARCH=NO -configuration ${CONFIGURATION} -sdk iphoneos  BUILD_DIR=\"${BUILD_DIR}\" BUILD_ROOT=\"${BUILD_ROOT}\"\nxcodebuild -target ${TARGET_NAME} -configuration ${CONFIGURATION} -sdk iphonesimulator -arch i386 BUILD_DIR=\"${BUILD_DIR}\" BUILD_ROOT=\"${BUILD_ROOT}\"\n\n# make sure the output directory exists\nmkdir -p \"${UNIVERSAL_OUTPUTFOLDER}\"\n\n# Step 2. Create universal binary file using lipo\nlipo -create -output \"${UNIVERSAL_OUTPUTFOLDER}/lib${PROJECT_NAME}.a\" \"${BUILD_DIR}/${CONFIGURATION}-iphoneos/lib${PROJECT_NAME}.a\" \"${BUILD_DIR}/${CONFIGURATION}-iphonesimulator/lib${PROJECT_NAME}.a\"\n\n# Last touch. copy the header files. Just for convenience\ncp -R \"${BUILD_DIR}/${CONFIGURATION}-iphoneos/include\" \"${UNIVERSAL_OUTPUTFOLDER}/\"";
		};
/* End PBXShellScriptBuildPhase section */

/* Begin PBXSourcesBuildPhase section */
		8BA054E9196B7B8900B7E082 /* Sources */ = {
			isa = PBXSourcesBuildPhase;
			buildActionMask = 2147483647;
			files = (
				8B0AFBC4196E692000D6A575 /* UIImageView+LBBlurredImage.m in Sources */,
				8B0AFBC6196E692000D6A575 /* UINavigationController+Retro.m in Sources */,
				8B0AFC1C196E778700D6A575 /* CoreDataStorage.m in Sources */,
				8B0AFC19196E778700D6A575 /* BaseService.m in Sources */,
				8B0AFBC8196E692000D6A575 /* UITextField+Addition.m in Sources */,
				8B0AFBBE196E692000D6A575 /* UIBezierPath+Symbol.m in Sources */,
				8B0AFC1B196E778700D6A575 /* BaseViewController.m in Sources */,
				8B0AFBCC196E692000D6A575 /* UIView+AutoLayout.m in Sources */,
				8B0AFBBC196E692000D6A575 /* NSString+Regular.m in Sources */,
				8B0AFBB9196E692000D6A575 /* NSString+Addition.m in Sources */,
				8B0AFBC7196E692000D6A575 /* UITabBarController+Custom.m in Sources */,
				8B0AFBC5196E692000D6A575 /* UILabel+AgileCreate.m in Sources */,
				8B0AFBCB196E692000D6A575 /* UIView+Animation.m in Sources */,
				8B0AFBB6196E692000D6A575 /* NSData+Addition.m in Sources */,
				8B0AFBC3196E692000D6A575 /* UIImage+Addition.m in Sources */,
				8B0AFBC9196E692000D6A575 /* UITextField+LimitLength.m in Sources */,
				8B0AFBB8196E692000D6A575 /* NSFileManager+ Addition.m in Sources */,
				8B0AFC27196E78B200D6A575 /* WaitingHud.m in Sources */,
				8B0AFBB7196E692000D6A575 /* NSDate+Addition.m in Sources */,
				8B0AFBCA196E692000D6A575 /* UIView+Addition.m in Sources */,
				8B0AFC26196E78B200D6A575 /* OMGToast.m in Sources */,
				8B0AFBC1196E692000D6A575 /* UIDevice+DeviceInfo.m in Sources */,
				8B0AFBCD196E692000D6A575 /* UIView+Frame.m in Sources */,
				8B0AFBBA196E692000D6A575 /* NSString+FilterEmoji.m in Sources */,
				8B0AFC25196E78B200D6A575 /* MBProgressHUD.m in Sources */,
				8B0AFBBB196E692000D6A575 /* NSString+MD5Addition.m in Sources */,
				8BA054F8196B7B8A00B7E082 /* ProService.m in Sources */,
				8B0AFBBD196E692000D6A575 /* UIAlertView+Addition.m in Sources */,
				8B0AFC1A196E778700D6A575 /* BaseView.m in Sources */,
				8B0AFBC0196E692000D6A575 /* UIColor+Addition.m in Sources */,
				8B0AFBBF196E692000D6A575 /* UIButton+Addition.m in Sources */,
				8B0AFBCE196E692000D6A575 /* UIView+Layer.m in Sources */,
				8B0AFBC2196E692000D6A575 /* UIDevice+IdentifierAddition.m in Sources */,
			);
			runOnlyForDeploymentPostprocessing = 0;
		};
		8BA054F9196B7B8A00B7E082 /* Sources */ = {
			isa = PBXSourcesBuildPhase;
			buildActionMask = 2147483647;
			files = (
				8BA0550D196B7B8A00B7E082 /* ProServiceTests.m in Sources */,
			);
			runOnlyForDeploymentPostprocessing = 0;
		};
/* End PBXSourcesBuildPhase section */

/* Begin PBXTargetDependency section */
		8BA05504196B7B8A00B7E082 /* PBXTargetDependency */ = {
			isa = PBXTargetDependency;
			target = 8BA054EC196B7B8900B7E082 /* ProService */;
			targetProxy = 8BA05503196B7B8A00B7E082 /* PBXContainerItemProxy */;
		};
/* End PBXTargetDependency section */

/* Begin PBXVariantGroup section */
		8BA05509196B7B8A00B7E082 /* InfoPlist.strings */ = {
			isa = PBXVariantGroup;
			children = (
				8BA0550A196B7B8A00B7E082 /* en */,
			);
			name = InfoPlist.strings;
			sourceTree = "<group>";
		};
/* End PBXVariantGroup section */

/* Begin XCBuildConfiguration section */
		8BA0550E196B7B8A00B7E082 /* Debug */ = {
			isa = XCBuildConfiguration;
			buildSettings = {
				ALWAYS_SEARCH_USER_PATHS = NO;
				CLANG_CXX_LANGUAGE_STANDARD = "gnu++0x";
				CLANG_CXX_LIBRARY = "libc++";
				CLANG_ENABLE_MODULES = YES;
				CLANG_ENABLE_OBJC_ARC = YES;
				CLANG_WARN_BOOL_CONVERSION = YES;
				CLANG_WARN_CONSTANT_CONVERSION = YES;
				CLANG_WARN_DIRECT_OBJC_ISA_USAGE = YES_ERROR;
				CLANG_WARN_EMPTY_BODY = YES;
				CLANG_WARN_ENUM_CONVERSION = YES;
				CLANG_WARN_INT_CONVERSION = YES;
				CLANG_WARN_OBJC_ROOT_CLASS = YES_ERROR;
				CLANG_WARN__DUPLICATE_METHOD_MATCH = YES;
				COPY_PHASE_STRIP = NO;
				GCC_C_LANGUAGE_STANDARD = gnu99;
				GCC_DYNAMIC_NO_PIC = NO;
				GCC_OPTIMIZATION_LEVEL = 0;
				GCC_PREPROCESSOR_DEFINITIONS = (
					"DEBUG=1",
					"$(inherited)",
				);
				GCC_SYMBOLS_PRIVATE_EXTERN = NO;
				GCC_WARN_64_TO_32_BIT_CONVERSION = YES;
				GCC_WARN_ABOUT_RETURN_TYPE = YES_ERROR;
				GCC_WARN_UNDECLARED_SELECTOR = YES;
				GCC_WARN_UNINITIALIZED_AUTOS = YES_AGGRESSIVE;
				GCC_WARN_UNUSED_FUNCTION = YES;
				GCC_WARN_UNUSED_VARIABLE = YES;
				IPHONEOS_DEPLOYMENT_TARGET = 5.0;
				ONLY_ACTIVE_ARCH = YES;
				SDKROOT = iphoneos;
			};
			name = Debug;
		};
		8BA0550F196B7B8A00B7E082 /* Release */ = {
			isa = XCBuildConfiguration;
			buildSettings = {
				ALWAYS_SEARCH_USER_PATHS = NO;
				CLANG_CXX_LANGUAGE_STANDARD = "gnu++0x";
				CLANG_CXX_LIBRARY = "libc++";
				CLANG_ENABLE_MODULES = YES;
				CLANG_ENABLE_OBJC_ARC = YES;
				CLANG_WARN_BOOL_CONVERSION = YES;
				CLANG_WARN_CONSTANT_CONVERSION = YES;
				CLANG_WARN_DIRECT_OBJC_ISA_USAGE = YES_ERROR;
				CLANG_WARN_EMPTY_BODY = YES;
				CLANG_WARN_ENUM_CONVERSION = YES;
				CLANG_WARN_INT_CONVERSION = YES;
				CLANG_WARN_OBJC_ROOT_CLASS = YES_ERROR;
				CLANG_WARN__DUPLICATE_METHOD_MATCH = YES;
				COPY_PHASE_STRIP = YES;
				ENABLE_NS_ASSERTIONS = NO;
				GCC_C_LANGUAGE_STANDARD = gnu99;
				GCC_WARN_64_TO_32_BIT_CONVERSION = YES;
				GCC_WARN_ABOUT_RETURN_TYPE = YES_ERROR;
				GCC_WARN_UNDECLARED_SELECTOR = YES;
				GCC_WARN_UNINITIALIZED_AUTOS = YES_AGGRESSIVE;
				GCC_WARN_UNUSED_FUNCTION = YES;
				GCC_WARN_UNUSED_VARIABLE = YES;
				IPHONEOS_DEPLOYMENT_TARGET = 5.0;
				SDKROOT = iphoneos;
				VALIDATE_PRODUCT = YES;
			};
			name = Release;
		};
		8BA05511196B7B8A00B7E082 /* Debug */ = {
			isa = XCBuildConfiguration;
			buildSettings = {
				DSTROOT = /tmp/ProService.dst;
				GCC_PRECOMPILE_PREFIX_HEADER = YES;
				GCC_PREFIX_HEADER = "ProService/ProService-Prefix.pch";
				OTHER_LDFLAGS = "-ObjC";
				PRODUCT_NAME = "$(TARGET_NAME)";
				SKIP_INSTALL = YES;
			};
			name = Debug;
		};
		8BA05512196B7B8A00B7E082 /* Release */ = {
			isa = XCBuildConfiguration;
			buildSettings = {
				DSTROOT = /tmp/ProService.dst;
				GCC_PRECOMPILE_PREFIX_HEADER = YES;
				GCC_PREFIX_HEADER = "ProService/ProService-Prefix.pch";
				OTHER_LDFLAGS = "-ObjC";
				PRODUCT_NAME = "$(TARGET_NAME)";
				SKIP_INSTALL = YES;
			};
			name = Release;
		};
		8BA05514196B7B8A00B7E082 /* Debug */ = {
			isa = XCBuildConfiguration;
			buildSettings = {
				FRAMEWORK_SEARCH_PATHS = (
					"$(SDKROOT)/Developer/Library/Frameworks",
					"$(inherited)",
					"$(DEVELOPER_FRAMEWORKS_DIR)",
				);
				GCC_PRECOMPILE_PREFIX_HEADER = YES;
				GCC_PREFIX_HEADER = "ProService/ProService-Prefix.pch";
				GCC_PREPROCESSOR_DEFINITIONS = (
					"DEBUG=1",
					"$(inherited)",
				);
				INFOPLIST_FILE = "ProServiceTests/ProServiceTests-Info.plist";
				PRODUCT_NAME = "$(TARGET_NAME)";
				WRAPPER_EXTENSION = xctest;
			};
			name = Debug;
		};
		8BA05515196B7B8A00B7E082 /* Release */ = {
			isa = XCBuildConfiguration;
			buildSettings = {
				FRAMEWORK_SEARCH_PATHS = (
					"$(SDKROOT)/Developer/Library/Frameworks",
					"$(inherited)",
					"$(DEVELOPER_FRAMEWORKS_DIR)",
				);
				GCC_PRECOMPILE_PREFIX_HEADER = YES;
				GCC_PREFIX_HEADER = "ProService/ProService-Prefix.pch";
				INFOPLIST_FILE = "ProServiceTests/ProServiceTests-Info.plist";
				PRODUCT_NAME = "$(TARGET_NAME)";
				WRAPPER_EXTENSION = xctest;
			};
			name = Release;
		};
/* End XCBuildConfiguration section */

/* Begin XCConfigurationList section */
		8BA054E8196B7B8900B7E082 /* Build configuration list for PBXProject "ProService" */ = {
			isa = XCConfigurationList;
			buildConfigurations = (
				8BA0550E196B7B8A00B7E082 /* Debug */,
				8BA0550F196B7B8A00B7E082 /* Release */,
			);
			defaultConfigurationIsVisible = 0;
			defaultConfigurationName = Release;
		};
		8BA05510196B7B8A00B7E082 /* Build configuration list for PBXNativeTarget "ProService" */ = {
			isa = XCConfigurationList;
			buildConfigurations = (
				8BA05511196B7B8A00B7E082 /* Debug */,
				8BA05512196B7B8A00B7E082 /* Release */,
			);
			defaultConfigurationIsVisible = 0;
			defaultConfigurationName = Release;
		};
		8BA05513196B7B8A00B7E082 /* Build configuration list for PBXNativeTarget "ProServiceTests" */ = {
			isa = XCConfigurationList;
			buildConfigurations = (
				8BA05514196B7B8A00B7E082 /* Debug */,
				8BA05515196B7B8A00B7E082 /* Release */,
			);
			defaultConfigurationIsVisible = 0;
			defaultConfigurationName = Release;
		};
/* End XCConfigurationList section */
	};
	rootObject = 8BA054E5196B7B8900B7E082 /* Project object */;
}
