// !$*UTF8*$!
{
	archiveVersion = 1;
	classes = {
	};
	objectVersion = 46;
	objects = {

/* Begin PBXBuildFile section */
		8B035034191871F300A1DC17 /* BackButton.m in Sources */ = {isa = PBXBuildFile; fileRef = 8B035033191871F300A1DC17 /* BackButton.m */; };
		8B04D7C818BF2D4E00747089 /* CoreData.framework in Frameworks */ = {isa = PBXBuildFile; fileRef = 8B04D7C718BF2D4E00747089 /* CoreData.framework */; };
		8B0514891907B14F00F64517 /* BerzierTest.m in Sources */ = {isa = PBXBuildFile; fileRef = 8B0514881907B14F00F64517 /* BerzierTest.m */; };
		8B36DA2C195160540070851D /* shu.png in Resources */ = {isa = PBXBuildFile; fileRef = 8B36DA2B195160540070851D /* shu.png */; };
		8B3FBDD318FE27A3001A3F7C /* BubbleView.m in Sources */ = {isa = PBXBuildFile; fileRef = 8B3FBDD218FE27A3001A3F7C /* BubbleView.m */; };
		8B3FBDD618FE2C85001A3F7C /* DrawCureView.m in Sources */ = {isa = PBXBuildFile; fileRef = 8B3FBDD518FE2C85001A3F7C /* DrawCureView.m */; };
		8B59E65C1923118C00AF7AE4 /* TreeNode.xcdatamodeld in Sources */ = {isa = PBXBuildFile; fileRef = 8B59E65A1923118C00AF7AE4 /* TreeNode.xcdatamodeld */; };
		8B59E662192312F400AF7AE4 /* TreeNodeCoreDataStorage.m in Sources */ = {isa = PBXBuildFile; fileRef = 8B59E661192312F400AF7AE4 /* TreeNodeCoreDataStorage.m */; };
		8B59E66C192339B700AF7AE4 /* TreeNodeCoreDataStorageObject.m in Sources */ = {isa = PBXBuildFile; fileRef = 8B59E66B192339B700AF7AE4 /* TreeNodeCoreDataStorageObject.m */; };
		8BCBA75218FF7D770003779E /* FillWordColor.m in Sources */ = {isa = PBXBuildFile; fileRef = 8BCBA75118FF7D770003779E /* FillWordColor.m */; };
		8BD9FD3F1966B58800B744A2 /* default.bundle in Resources */ = {isa = PBXBuildFile; fileRef = 8BD9FD3E1966B58800B744A2 /* default.bundle */; };
		8BE6D63C18FCCB7900BD031A /* DrawViewController.m in Sources */ = {isa = PBXBuildFile; fileRef = 8BE6D63B18FCCB7900BD031A /* DrawViewController.m */; };
		8BE6D64018FCCC0200BD031A /* DrawTestView.m in Sources */ = {isa = PBXBuildFile; fileRef = 8BE6D63F18FCCC0200BD031A /* DrawTestView.m */; };
		8BEC4A3C1929F16A00D6C4B0 /* M2Service2.m in Sources */ = {isa = PBXBuildFile; fileRef = 8BEC4A3B1929F16A00D6C4B0 /* M2Service2.m */; };
		8BF79049196A316900CBA948 /* Default-568h@2x.png in Resources */ = {isa = PBXBuildFile; fileRef = 8BF79048196A316900CBA948 /* Default-568h@2x.png */; };
		8BF790F9196A48D400CBA948 /* Default@2x.png in Resources */ = {isa = PBXBuildFile; fileRef = 8BF790F8196A48D400CBA948 /* Default@2x.png */; };
		8BF79180196A8D1300CBA948 /* ImageIO.framework in Frameworks */ = {isa = PBXBuildFile; fileRef = 8BF7917F196A8D1300CBA948 /* ImageIO.framework */; };
		8BFC803D18D685FC00551758 /* BlockTestViewController.m in Sources */ = {isa = PBXBuildFile; fileRef = 8BFC801D18D685FC00551758 /* BlockTestViewController.m */; };
		8BFC803E18D685FC00551758 /* GestureTest.m in Sources */ = {isa = PBXBuildFile; fileRef = 8BFC802018D685FC00551758 /* GestureTest.m */; };
		8BFC803F18D685FC00551758 /* GusturePanAndDragViewController.m in Sources */ = {isa = PBXBuildFile; fileRef = 8BFC802218D685FC00551758 /* GusturePanAndDragViewController.m */; };
		8BFC804018D685FC00551758 /* Contact.xcdatamodeld in Sources */ = {isa = PBXBuildFile; fileRef = 8BFC802518D685FC00551758 /* Contact.xcdatamodeld */; };
		8BFC804118D685FC00551758 /* ContactCoreDataStorage.m in Sources */ = {isa = PBXBuildFile; fileRef = 8BFC802918D685FC00551758 /* ContactCoreDataStorage.m */; };
		8BFC804218D685FC00551758 /* ContactCoreDataStorageObject.m in Sources */ = {isa = PBXBuildFile; fileRef = 8BFC802B18D685FC00551758 /* ContactCoreDataStorageObject.m */; };
		8BFC804318D685FC00551758 /* M1ViewController.m in Sources */ = {isa = PBXBuildFile; fileRef = 8BFC802D18D685FC00551758 /* M1ViewController.m */; };
		8BFC804418D685FC00551758 /* M2SubViewController.m in Sources */ = {isa = PBXBuildFile; fileRef = 8BFC803018D685FC00551758 /* M2SubViewController.m */; };
		8BFC804518D685FC00551758 /* M2ViewController.m in Sources */ = {isa = PBXBuildFile; fileRef = 8BFC803218D685FC00551758 /* M2ViewController.m */; };
		8BFC804618D685FC00551758 /* M2Service.m in Sources */ = {isa = PBXBuildFile; fileRef = 8BFC803518D685FC00551758 /* M2Service.m */; };
		8BFC804718D685FC00551758 /* M3ViewController.m in Sources */ = {isa = PBXBuildFile; fileRef = 8BFC803918D685FC00551758 /* M3ViewController.m */; };
		8BFC804818D685FC00551758 /* M3Service.m in Sources */ = {isa = PBXBuildFile; fileRef = 8BFC803C18D685FC00551758 /* M3Service.m */; };
		BA2DFEB618A31EC600A92D5C /* Localizable.strings in Resources */ = {isa = PBXBuildFile; fileRef = BA2DFEB818A31EC600A92D5C /* Localizable.strings */; };
		BA38B0B819C9781100A50796 /* GTMBase64_zhg.m in Sources */ = {isa = PBXBuildFile; fileRef = BA38B0B619C9781100A50796 /* GTMBase64_zhg.m */; settings = {COMPILER_FLAGS = "-fno-objc-arc"; }; };
		BA38B0C019C978F500A50796 /* FileManageViewController.m in Sources */ = {isa = PBXBuildFile; fileRef = BA38B0BF19C978F500A50796 /* FileManageViewController.m */; };
		BA38B0C319C97E6200A50796 /* FileTools.m in Sources */ = {isa = PBXBuildFile; fileRef = BA38B0C219C97E6200A50796 /* FileTools.m */; };
		BA45FA4919C27ADE002663D9 /* ResourseManager.m in Sources */ = {isa = PBXBuildFile; fileRef = BA45FA4819C27ADE002663D9 /* ResourseManager.m */; };
		BA4BA5AA18A233FD0091C7BD /* QuartzCore.framework in Frameworks */ = {isa = PBXBuildFile; fileRef = BA4BA5A918A233FD0091C7BD /* QuartzCore.framework */; };
		BA4BA62F18A2581C0091C7BD /* CFNetwork.framework in Frameworks */ = {isa = PBXBuildFile; fileRef = BA4BA62E18A2581C0091C7BD /* CFNetwork.framework */; };
		BA4BA63118A2582E0091C7BD /* Security.framework in Frameworks */ = {isa = PBXBuildFile; fileRef = BA4BA63018A2582E0091C7BD /* Security.framework */; };
		BA4BA63318A2583D0091C7BD /* MobileCoreServices.framework in Frameworks */ = {isa = PBXBuildFile; fileRef = BA4BA63218A2583D0091C7BD /* MobileCoreServices.framework */; };
		BA4BA63518A258630091C7BD /* SystemConfiguration.framework in Frameworks */ = {isa = PBXBuildFile; fileRef = BA4BA63418A258630091C7BD /* SystemConfiguration.framework */; };
		BA4BA63918A25B150091C7BD /* libxml2.dylib in Frameworks */ = {isa = PBXBuildFile; fileRef = BA4BA63818A25B150091C7BD /* libxml2.dylib */; };
		BA4BA63B18A25B250091C7BD /* libz.dylib in Frameworks */ = {isa = PBXBuildFile; fileRef = BA4BA63A18A25B250091C7BD /* libz.dylib */; };
		BAD3462E1895427F00275582 /* Foundation.framework in Frameworks */ = {isa = PBXBuildFile; fileRef = BAD3462D1895427F00275582 /* Foundation.framework */; };
		BAD346301895427F00275582 /* CoreGraphics.framework in Frameworks */ = {isa = PBXBuildFile; fileRef = BAD3462F1895427F00275582 /* CoreGraphics.framework */; };
		BAD346321895427F00275582 /* UIKit.framework in Frameworks */ = {isa = PBXBuildFile; fileRef = BAD346311895427F00275582 /* UIKit.framework */; };
		BAD346381895427F00275582 /* InfoPlist.strings in Resources */ = {isa = PBXBuildFile; fileRef = BAD346361895427F00275582 /* InfoPlist.strings */; };
		BAD3463A1895427F00275582 /* main.m in Sources */ = {isa = PBXBuildFile; fileRef = BAD346391895427F00275582 /* main.m */; };
		BAD3463E1895427F00275582 /* AppDelegate.m in Sources */ = {isa = PBXBuildFile; fileRef = BAD3463D1895427F00275582 /* AppDelegate.m */; };
		BAD346401895427F00275582 /* Images.xcassets in Resources */ = {isa = PBXBuildFile; fileRef = BAD3463F1895427F00275582 /* Images.xcassets */; };
		BAD346471895427F00275582 /* XCTest.framework in Frameworks */ = {isa = PBXBuildFile; fileRef = BAD346461895427F00275582 /* XCTest.framework */; };
		BAD346481895427F00275582 /* Foundation.framework in Frameworks */ = {isa = PBXBuildFile; fileRef = BAD3462D1895427F00275582 /* Foundation.framework */; };
		BAD346491895427F00275582 /* UIKit.framework in Frameworks */ = {isa = PBXBuildFile; fileRef = BAD346311895427F00275582 /* UIKit.framework */; };
		BAD346511895427F00275582 /* InfoPlist.strings in Resources */ = {isa = PBXBuildFile; fileRef = BAD3464F1895427F00275582 /* InfoPlist.strings */; };
		BAD346531895427F00275582 /* Pro10788Tests.m in Sources */ = {isa = PBXBuildFile; fileRef = BAD346521895427F00275582 /* Pro10788Tests.m */; };
		BAE044341901F81F00A2EC87 /* ShapeView.m in Sources */ = {isa = PBXBuildFile; fileRef = BAE044331901F81F00A2EC87 /* ShapeView.m */; };
		BAE2906319A6CA7800B15F17 /* libProService.a in Frameworks */ = {isa = PBXBuildFile; fileRef = BAE2904F19A6CA2100B15F17 /* libProService.a */; };
		BAE2906419A6CA7800B15F17 /* libSDWebImage.a in Frameworks */ = {isa = PBXBuildFile; fileRef = BAE2905A19A6CA2A00B15F17 /* libSDWebImage.a */; };
		BAE2906619A6CECD00B15F17 /* README.md in Resources */ = {isa = PBXBuildFile; fileRef = BAE2906519A6CECD00B15F17 /* README.md */; };
/* End PBXBuildFile section */

/* Begin PBXContainerItemProxy section */
		BAD3464A1895427F00275582 /* PBXContainerItemProxy */ = {
			isa = PBXContainerItemProxy;
			containerPortal = BAD346221895427F00275582 /* Project object */;
			proxyType = 1;
			remoteGlobalIDString = BAD346291895427F00275582;
			remoteInfo = Pro10788;
		};
		BAE2904E19A6CA2100B15F17 /* PBXContainerItemProxy */ = {
			isa = PBXContainerItemProxy;
			containerPortal = BAE2904919A6CA2000B15F17 /* ProService.xcodeproj */;
			proxyType = 2;
			remoteGlobalIDString = 8BA054ED196B7B8900B7E082;
			remoteInfo = ProService;
		};
		BAE2905019A6CA2100B15F17 /* PBXContainerItemProxy */ = {
			isa = PBXContainerItemProxy;
			containerPortal = BAE2904919A6CA2000B15F17 /* ProService.xcodeproj */;
			proxyType = 2;
			remoteGlobalIDString = 8BA054FD196B7B8A00B7E082;
			remoteInfo = ProServiceTests;
		};
		BAE2905919A6CA2A00B15F17 /* PBXContainerItemProxy */ = {
			isa = PBXContainerItemProxy;
			containerPortal = BAE2905219A6CA2A00B15F17 /* SDWebImage.xcodeproj */;
			proxyType = 2;
			remoteGlobalIDString = 53761325155AD0D5005750A4;
			remoteInfo = SDWebImage;
		};
		BAE2905B19A6CA2A00B15F17 /* PBXContainerItemProxy */ = {
			isa = PBXContainerItemProxy;
			containerPortal = BAE2905219A6CA2A00B15F17 /* SDWebImage.xcodeproj */;
			proxyType = 2;
			remoteGlobalIDString = 537D95C117ECC1FE0097C263;
			remoteInfo = "SDWebImage+WebP";
		};
		BAE2905D19A6CA2A00B15F17 /* PBXContainerItemProxy */ = {
			isa = PBXContainerItemProxy;
			containerPortal = BAE2905219A6CA2A00B15F17 /* SDWebImage.xcodeproj */;
			proxyType = 2;
			remoteGlobalIDString = 531041E0157EAFA400BBABC3;
			remoteInfo = "SDWebImage+MKAnnotation";
		};
		BAE2905F19A6CA6900B15F17 /* PBXContainerItemProxy */ = {
			isa = PBXContainerItemProxy;
			containerPortal = BAE2905219A6CA2A00B15F17 /* SDWebImage.xcodeproj */;
			proxyType = 1;
			remoteGlobalIDString = 53761307155AD0D5005750A4;
			remoteInfo = SDWebImage;
		};
		BAE2906119A6CA6900B15F17 /* PBXContainerItemProxy */ = {
			isa = PBXContainerItemProxy;
			containerPortal = BAE2904919A6CA2000B15F17 /* ProService.xcodeproj */;
			proxyType = 1;
			remoteGlobalIDString = 8BA054EC196B7B8900B7E082;
			remoteInfo = ProService;
		};
/* End PBXContainerItemProxy section */

/* Begin PBXFileReference section */
		8B035032191871F300A1DC17 /* BackButton.h */ = {isa = PBXFileReference; fileEncoding = 4; lastKnownFileType = sourcecode.c.h; path = BackButton.h; sourceTree = "<group>"; };
		8B035033191871F300A1DC17 /* BackButton.m */ = {isa = PBXFileReference; fileEncoding = 4; lastKnownFileType = sourcecode.c.objc; path = BackButton.m; sourceTree = "<group>"; };
		8B04D7C718BF2D4E00747089 /* CoreData.framework */ = {isa = PBXFileReference; lastKnownFileType = wrapper.framework; name = CoreData.framework; path = System/Library/Frameworks/CoreData.framework; sourceTree = SDKROOT; };
		8B0514871907B14F00F64517 /* BerzierTest.h */ = {isa = PBXFileReference; fileEncoding = 4; lastKnownFileType = sourcecode.c.h; path = BerzierTest.h; sourceTree = "<group>"; };
		8B0514881907B14F00F64517 /* BerzierTest.m */ = {isa = PBXFileReference; fileEncoding = 4; lastKnownFileType = sourcecode.c.objc; path = BerzierTest.m; sourceTree = "<group>"; };
		8B36DA2B195160540070851D /* shu.png */ = {isa = PBXFileReference; lastKnownFileType = image.png; path = shu.png; sourceTree = "<group>"; };
		8B3FBDD118FE27A3001A3F7C /* BubbleView.h */ = {isa = PBXFileReference; fileEncoding = 4; lastKnownFileType = sourcecode.c.h; path = BubbleView.h; sourceTree = "<group>"; };
		8B3FBDD218FE27A3001A3F7C /* BubbleView.m */ = {isa = PBXFileReference; fileEncoding = 4; lastKnownFileType = sourcecode.c.objc; path = BubbleView.m; sourceTree = "<group>"; };
		8B3FBDD418FE2C85001A3F7C /* DrawCureView.h */ = {isa = PBXFileReference; fileEncoding = 4; lastKnownFileType = sourcecode.c.h; path = DrawCureView.h; sourceTree = "<group>"; };
		8B3FBDD518FE2C85001A3F7C /* DrawCureView.m */ = {isa = PBXFileReference; fileEncoding = 4; lastKnownFileType = sourcecode.c.objc; path = DrawCureView.m; sourceTree = "<group>"; };
		8B59E65B1923118C00AF7AE4 /* TreeNode.xcdatamodel */ = {isa = PBXFileReference; lastKnownFileType = wrapper.xcdatamodel; path = TreeNode.xcdatamodel; sourceTree = "<group>"; };
		8B59E660192312F400AF7AE4 /* TreeNodeCoreDataStorage.h */ = {isa = PBXFileReference; fileEncoding = 4; lastKnownFileType = sourcecode.c.h; path = TreeNodeCoreDataStorage.h; sourceTree = "<group>"; };
		8B59E661192312F400AF7AE4 /* TreeNodeCoreDataStorage.m */ = {isa = PBXFileReference; fileEncoding = 4; lastKnownFileType = sourcecode.c.objc; path = TreeNodeCoreDataStorage.m; sourceTree = "<group>"; };
		8B59E6661923393E00AF7AE4 /* TreeNode2.xcdatamodel */ = {isa = PBXFileReference; lastKnownFileType = wrapper.xcdatamodel; path = TreeNode2.xcdatamodel; sourceTree = "<group>"; };
		8B59E66A192339B700AF7AE4 /* TreeNodeCoreDataStorageObject.h */ = {isa = PBXFileReference; fileEncoding = 4; lastKnownFileType = sourcecode.c.h; path = TreeNodeCoreDataStorageObject.h; sourceTree = "<group>"; };
		8B59E66B192339B700AF7AE4 /* TreeNodeCoreDataStorageObject.m */ = {isa = PBXFileReference; fileEncoding = 4; lastKnownFileType = sourcecode.c.objc; path = TreeNodeCoreDataStorageObject.m; sourceTree = "<group>"; };
		8BCBA75018FF7D770003779E /* FillWordColor.h */ = {isa = PBXFileReference; fileEncoding = 4; lastKnownFileType = sourcecode.c.h; path = FillWordColor.h; sourceTree = "<group>"; };
		8BCBA75118FF7D770003779E /* FillWordColor.m */ = {isa = PBXFileReference; fileEncoding = 4; lastKnownFileType = sourcecode.c.objc; path = FillWordColor.m; sourceTree = "<group>"; };
		8BD9FD3E1966B58800B744A2 /* default.bundle */ = {isa = PBXFileReference; lastKnownFileType = "wrapper.plug-in"; path = default.bundle; sourceTree = "<group>"; };
		8BE56C4618AE0D9A007A1C30 /* CoreFoundation.framework */ = {isa = PBXFileReference; lastKnownFileType = wrapper.framework; name = CoreFoundation.framework; path = System/Library/Frameworks/CoreFoundation.framework; sourceTree = SDKROOT; };
		8BE6D63A18FCCB7900BD031A /* DrawViewController.h */ = {isa = PBXFileReference; fileEncoding = 4; lastKnownFileType = sourcecode.c.h; path = DrawViewController.h; sourceTree = "<group>"; };
		8BE6D63B18FCCB7900BD031A /* DrawViewController.m */ = {isa = PBXFileReference; fileEncoding = 4; lastKnownFileType = sourcecode.c.objc; path = DrawViewController.m; sourceTree = "<group>"; };
		8BE6D63E18FCCC0200BD031A /* DrawTestView.h */ = {isa = PBXFileReference; fileEncoding = 4; lastKnownFileType = sourcecode.c.h; path = DrawTestView.h; sourceTree = "<group>"; };
		8BE6D63F18FCCC0200BD031A /* DrawTestView.m */ = {isa = PBXFileReference; fileEncoding = 4; lastKnownFileType = sourcecode.c.objc; path = DrawTestView.m; sourceTree = "<group>"; };
		8BEC4A3A1929F16A00D6C4B0 /* M2Service2.h */ = {isa = PBXFileReference; fileEncoding = 4; lastKnownFileType = sourcecode.c.h; path = M2Service2.h; sourceTree = "<group>"; };
		8BEC4A3B1929F16A00D6C4B0 /* M2Service2.m */ = {isa = PBXFileReference; fileEncoding = 4; lastKnownFileType = sourcecode.c.objc; path = M2Service2.m; sourceTree = "<group>"; };
		8BF79048196A316900CBA948 /* Default-568h@2x.png */ = {isa = PBXFileReference; lastKnownFileType = image.png; path = "Default-568h@2x.png"; sourceTree = "<group>"; };
		8BF790F8196A48D400CBA948 /* Default@2x.png */ = {isa = PBXFileReference; lastKnownFileType = image.png; path = "Default@2x.png"; sourceTree = "<group>"; };
		8BF7917F196A8D1300CBA948 /* ImageIO.framework */ = {isa = PBXFileReference; lastKnownFileType = wrapper.framework; name = ImageIO.framework; path = System/Library/Frameworks/ImageIO.framework; sourceTree = SDKROOT; };
		8BFC801C18D685FC00551758 /* BlockTestViewController.h */ = {isa = PBXFileReference; fileEncoding = 4; lastKnownFileType = sourcecode.c.h; path = BlockTestViewController.h; sourceTree = "<group>"; };
		8BFC801D18D685FC00551758 /* BlockTestViewController.m */ = {isa = PBXFileReference; fileEncoding = 4; lastKnownFileType = sourcecode.c.objc; path = BlockTestViewController.m; sourceTree = "<group>"; };
		8BFC801F18D685FC00551758 /* GestureTest.h */ = {isa = PBXFileReference; fileEncoding = 4; lastKnownFileType = sourcecode.c.h; path = GestureTest.h; sourceTree = "<group>"; };
		8BFC802018D685FC00551758 /* GestureTest.m */ = {isa = PBXFileReference; fileEncoding = 4; lastKnownFileType = sourcecode.c.objc; path = GestureTest.m; sourceTree = "<group>"; };
		8BFC802118D685FC00551758 /* GusturePanAndDragViewController.h */ = {isa = PBXFileReference; fileEncoding = 4; lastKnownFileType = sourcecode.c.h; path = GusturePanAndDragViewController.h; sourceTree = "<group>"; };
		8BFC802218D685FC00551758 /* GusturePanAndDragViewController.m */ = {isa = PBXFileReference; fileEncoding = 4; lastKnownFileType = sourcecode.c.objc; path = GusturePanAndDragViewController.m; sourceTree = "<group>"; };
		8BFC802618D685FC00551758 /* Contact 2.xcdatamodel */ = {isa = PBXFileReference; lastKnownFileType = wrapper.xcdatamodel; path = "Contact 2.xcdatamodel"; sourceTree = "<group>"; };
		8BFC802718D685FC00551758 /* Contact.xcdatamodel */ = {isa = PBXFileReference; lastKnownFileType = wrapper.xcdatamodel; path = Contact.xcdatamodel; sourceTree = "<group>"; };
		8BFC802818D685FC00551758 /* ContactCoreDataStorage.h */ = {isa = PBXFileReference; fileEncoding = 4; lastKnownFileType = sourcecode.c.h; path = ContactCoreDataStorage.h; sourceTree = "<group>"; };
		8BFC802918D685FC00551758 /* ContactCoreDataStorage.m */ = {isa = PBXFileReference; fileEncoding = 4; lastKnownFileType = sourcecode.c.objc; path = ContactCoreDataStorage.m; sourceTree = "<group>"; };
		8BFC802A18D685FC00551758 /* ContactCoreDataStorageObject.h */ = {isa = PBXFileReference; fileEncoding = 4; lastKnownFileType = sourcecode.c.h; path = ContactCoreDataStorageObject.h; sourceTree = "<group>"; };
		8BFC802B18D685FC00551758 /* ContactCoreDataStorageObject.m */ = {isa = PBXFileReference; fileEncoding = 4; lastKnownFileType = sourcecode.c.objc; path = ContactCoreDataStorageObject.m; sourceTree = "<group>"; };
		8BFC802C18D685FC00551758 /* M1ViewController.h */ = {isa = PBXFileReference; fileEncoding = 4; lastKnownFileType = sourcecode.c.h; path = M1ViewController.h; sourceTree = "<group>"; };
		8BFC802D18D685FC00551758 /* M1ViewController.m */ = {isa = PBXFileReference; fileEncoding = 4; lastKnownFileType = sourcecode.c.objc; path = M1ViewController.m; sourceTree = "<group>"; };
		8BFC802F18D685FC00551758 /* M2SubViewController.h */ = {isa = PBXFileReference; fileEncoding = 4; lastKnownFileType = sourcecode.c.h; path = M2SubViewController.h; sourceTree = "<group>"; };
		8BFC803018D685FC00551758 /* M2SubViewController.m */ = {isa = PBXFileReference; fileEncoding = 4; lastKnownFileType = sourcecode.c.objc; path = M2SubViewController.m; sourceTree = "<group>"; };
		8BFC803118D685FC00551758 /* M2ViewController.h */ = {isa = PBXFileReference; fileEncoding = 4; lastKnownFileType = sourcecode.c.h; path = M2ViewController.h; sourceTree = "<group>"; };
		8BFC803218D685FC00551758 /* M2ViewController.m */ = {isa = PBXFileReference; fileEncoding = 4; lastKnownFileType = sourcecode.c.objc; path = M2ViewController.m; sourceTree = "<group>"; };
		8BFC803418D685FC00551758 /* M2Service.h */ = {isa = PBXFileReference; fileEncoding = 4; lastKnownFileType = sourcecode.c.h; path = M2Service.h; sourceTree = "<group>"; };
		8BFC803518D685FC00551758 /* M2Service.m */ = {isa = PBXFileReference; fileEncoding = 4; lastKnownFileType = sourcecode.c.objc; path = M2Service.m; sourceTree = "<group>"; };
		8BFC803618D685FC00551758 /* M2ViewProtocal.h */ = {isa = PBXFileReference; fileEncoding = 4; lastKnownFileType = sourcecode.c.h; path = M2ViewProtocal.h; sourceTree = "<group>"; };
		8BFC803818D685FC00551758 /* M3ViewController.h */ = {isa = PBXFileReference; fileEncoding = 4; lastKnownFileType = sourcecode.c.h; path = M3ViewController.h; sourceTree = "<group>"; };
		8BFC803918D685FC00551758 /* M3ViewController.m */ = {isa = PBXFileReference; fileEncoding = 4; lastKnownFileType = sourcecode.c.objc; path = M3ViewController.m; sourceTree = "<group>"; };
		8BFC803B18D685FC00551758 /* M3Service.h */ = {isa = PBXFileReference; fileEncoding = 4; lastKnownFileType = sourcecode.c.h; path = M3Service.h; sourceTree = "<group>"; };
		8BFC803C18D685FC00551758 /* M3Service.m */ = {isa = PBXFileReference; fileEncoding = 4; lastKnownFileType = sourcecode.c.objc; path = M3Service.m; sourceTree = "<group>"; };
		BA2DFEB218A31D6800A92D5C /* zh-Hans */ = {isa = PBXFileReference; lastKnownFileType = text.plist.strings; name = "zh-Hans"; path = "zh-Hans.lproj/InfoPlist.strings"; sourceTree = "<group>"; };
		BA2DFEB318A31D6800A92D5C /* zh-Hans */ = {isa = PBXFileReference; lastKnownFileType = text.plist.strings; name = "zh-Hans"; path = "zh-Hans.lproj/InfoPlist.strings"; sourceTree = "<group>"; };
		BA2DFEB718A31EC600A92D5C /* en */ = {isa = PBXFileReference; lastKnownFileType = text.plist.strings; name = en; path = en.lproj/Localizable.strings; sourceTree = "<group>"; };
		BA2DFEB918A31ECC00A92D5C /* zh-Hans */ = {isa = PBXFileReference; lastKnownFileType = text.plist.strings; name = "zh-Hans"; path = "zh-Hans.lproj/Localizable.strings"; sourceTree = "<group>"; };
		BA2DFEBA18A31F6A00A92D5C /* ja */ = {isa = PBXFileReference; lastKnownFileType = text.plist.strings; name = ja; path = ja.lproj/InfoPlist.strings; sourceTree = "<group>"; };
		BA2DFEBB18A31F6A00A92D5C /* ja */ = {isa = PBXFileReference; lastKnownFileType = text.plist.strings; name = ja; path = ja.lproj/Localizable.strings; sourceTree = "<group>"; };
		BA2DFEBC18A31F6A00A92D5C /* ja */ = {isa = PBXFileReference; lastKnownFileType = text.plist.strings; name = ja; path = ja.lproj/InfoPlist.strings; sourceTree = "<group>"; };
		BA38B0B519C9781100A50796 /* GTMBase64_zhg.h */ = {isa = PBXFileReference; fileEncoding = 4; lastKnownFileType = sourcecode.c.h; path = GTMBase64_zhg.h; sourceTree = "<group>"; };
		BA38B0B619C9781100A50796 /* GTMBase64_zhg.m */ = {isa = PBXFileReference; fileEncoding = 4; lastKnownFileType = sourcecode.c.objc; path = GTMBase64_zhg.m; sourceTree = "<group>"; };
		BA38B0B719C9781100A50796 /* GTMDefines.h */ = {isa = PBXFileReference; fileEncoding = 4; lastKnownFileType = sourcecode.c.h; path = GTMDefines.h; sourceTree = "<group>"; };
		BA38B0BE19C978F500A50796 /* FileManageViewController.h */ = {isa = PBXFileReference; fileEncoding = 4; lastKnownFileType = sourcecode.c.h; path = FileManageViewController.h; sourceTree = "<group>"; };
		BA38B0BF19C978F500A50796 /* FileManageViewController.m */ = {isa = PBXFileReference; fileEncoding = 4; lastKnownFileType = sourcecode.c.objc; path = FileManageViewController.m; sourceTree = "<group>"; };
		BA38B0C119C97E6200A50796 /* FileTools.h */ = {isa = PBXFileReference; fileEncoding = 4; lastKnownFileType = sourcecode.c.h; path = FileTools.h; sourceTree = "<group>"; };
		BA38B0C219C97E6200A50796 /* FileTools.m */ = {isa = PBXFileReference; fileEncoding = 4; lastKnownFileType = sourcecode.c.objc; path = FileTools.m; sourceTree = "<group>"; };
		BA45FA4719C27ADE002663D9 /* ResourseManager.h */ = {isa = PBXFileReference; fileEncoding = 4; lastKnownFileType = sourcecode.c.h; path = ResourseManager.h; sourceTree = "<group>"; };
		BA45FA4819C27ADE002663D9 /* ResourseManager.m */ = {isa = PBXFileReference; fileEncoding = 4; lastKnownFileType = sourcecode.c.objc; path = ResourseManager.m; sourceTree = "<group>"; };
		BA4BA5A918A233FD0091C7BD /* QuartzCore.framework */ = {isa = PBXFileReference; lastKnownFileType = wrapper.framework; name = QuartzCore.framework; path = System/Library/Frameworks/QuartzCore.framework; sourceTree = SDKROOT; };
		BA4BA62E18A2581C0091C7BD /* CFNetwork.framework */ = {isa = PBXFileReference; lastKnownFileType = wrapper.framework; name = CFNetwork.framework; path = System/Library/Frameworks/CFNetwork.framework; sourceTree = SDKROOT; };
		BA4BA63018A2582E0091C7BD /* Security.framework */ = {isa = PBXFileReference; lastKnownFileType = wrapper.framework; name = Security.framework; path = System/Library/Frameworks/Security.framework; sourceTree = SDKROOT; };
		BA4BA63218A2583D0091C7BD /* MobileCoreServices.framework */ = {isa = PBXFileReference; lastKnownFileType = wrapper.framework; name = MobileCoreServices.framework; path = System/Library/Frameworks/MobileCoreServices.framework; sourceTree = SDKROOT; };
		BA4BA63418A258630091C7BD /* SystemConfiguration.framework */ = {isa = PBXFileReference; lastKnownFileType = wrapper.framework; name = SystemConfiguration.framework; path = System/Library/Frameworks/SystemConfiguration.framework; sourceTree = SDKROOT; };
		BA4BA63818A25B150091C7BD /* libxml2.dylib */ = {isa = PBXFileReference; lastKnownFileType = "compiled.mach-o.dylib"; name = libxml2.dylib; path = usr/lib/libxml2.dylib; sourceTree = SDKROOT; };
		BA4BA63A18A25B250091C7BD /* libz.dylib */ = {isa = PBXFileReference; lastKnownFileType = "compiled.mach-o.dylib"; name = libz.dylib; path = usr/lib/libz.dylib; sourceTree = SDKROOT; };
		BAD3462A1895427F00275582 /* Pro10788.app */ = {isa = PBXFileReference; explicitFileType = wrapper.application; includeInIndex = 0; path = Pro10788.app; sourceTree = BUILT_PRODUCTS_DIR; };
		BAD3462D1895427F00275582 /* Foundation.framework */ = {isa = PBXFileReference; lastKnownFileType = wrapper.framework; name = Foundation.framework; path = System/Library/Frameworks/Foundation.framework; sourceTree = SDKROOT; };
		BAD3462F1895427F00275582 /* CoreGraphics.framework */ = {isa = PBXFileReference; lastKnownFileType = wrapper.framework; name = CoreGraphics.framework; path = System/Library/Frameworks/CoreGraphics.framework; sourceTree = SDKROOT; };
		BAD346311895427F00275582 /* UIKit.framework */ = {isa = PBXFileReference; lastKnownFileType = wrapper.framework; name = UIKit.framework; path = System/Library/Frameworks/UIKit.framework; sourceTree = SDKROOT; };
		BAD346351895427F00275582 /* Pro10788-Info.plist */ = {isa = PBXFileReference; lastKnownFileType = text.plist.xml; path = "Pro10788-Info.plist"; sourceTree = "<group>"; };
		BAD346371895427F00275582 /* en */ = {isa = PBXFileReference; lastKnownFileType = text.plist.strings; name = en; path = en.lproj/InfoPlist.strings; sourceTree = "<group>"; };
		BAD346391895427F00275582 /* main.m */ = {isa = PBXFileReference; lastKnownFileType = sourcecode.c.objc; path = main.m; sourceTree = "<group>"; };
		BAD3463B1895427F00275582 /* Pro10788-Prefix.pch */ = {isa = PBXFileReference; lastKnownFileType = sourcecode.c.h; path = "Pro10788-Prefix.pch"; sourceTree = "<group>"; };
		BAD3463C1895427F00275582 /* AppDelegate.h */ = {isa = PBXFileReference; lastKnownFileType = sourcecode.c.h; path = AppDelegate.h; sourceTree = "<group>"; };
		BAD3463D1895427F00275582 /* AppDelegate.m */ = {isa = PBXFileReference; lastKnownFileType = sourcecode.c.objc; path = AppDelegate.m; sourceTree = "<group>"; };
		BAD3463F1895427F00275582 /* Images.xcassets */ = {isa = PBXFileReference; lastKnownFileType = folder.assetcatalog; path = Images.xcassets; sourceTree = "<group>"; };
		BAD346451895427F00275582 /* Pro10788Tests.xctest */ = {isa = PBXFileReference; explicitFileType = wrapper.cfbundle; includeInIndex = 0; path = Pro10788Tests.xctest; sourceTree = BUILT_PRODUCTS_DIR; };
		BAD346461895427F00275582 /* XCTest.framework */ = {isa = PBXFileReference; lastKnownFileType = wrapper.framework; name = XCTest.framework; path = Library/Frameworks/XCTest.framework; sourceTree = DEVELOPER_DIR; };
		BAD3464E1895427F00275582 /* Pro10788Tests-Info.plist */ = {isa = PBXFileReference; lastKnownFileType = text.plist.xml; path = "Pro10788Tests-Info.plist"; sourceTree = "<group>"; };
		BAD346501895427F00275582 /* en */ = {isa = PBXFileReference; lastKnownFileType = text.plist.strings; name = en; path = en.lproj/InfoPlist.strings; sourceTree = "<group>"; };
		BAD346521895427F00275582 /* Pro10788Tests.m */ = {isa = PBXFileReference; lastKnownFileType = sourcecode.c.objc; path = Pro10788Tests.m; sourceTree = "<group>"; };
		BAE044321901F81F00A2EC87 /* ShapeView.h */ = {isa = PBXFileReference; fileEncoding = 4; lastKnownFileType = sourcecode.c.h; path = ShapeView.h; sourceTree = "<group>"; };
		BAE044331901F81F00A2EC87 /* ShapeView.m */ = {isa = PBXFileReference; fileEncoding = 4; lastKnownFileType = sourcecode.c.objc; path = ShapeView.m; sourceTree = "<group>"; };
		BAE2904919A6CA2000B15F17 /* ProService.xcodeproj */ = {isa = PBXFileReference; lastKnownFileType = "wrapper.pb-project"; name = ProService.xcodeproj; path = ProService/ProService.xcodeproj; sourceTree = "<group>"; };
		BAE2905219A6CA2A00B15F17 /* SDWebImage.xcodeproj */ = {isa = PBXFileReference; lastKnownFileType = "wrapper.pb-project"; name = SDWebImage.xcodeproj; path = SDWebImage/SDWebImage.xcodeproj; sourceTree = "<group>"; };
		BAE2906519A6CECD00B15F17 /* README.md */ = {isa = PBXFileReference; fileEncoding = 4; lastKnownFileType = text; name = README.md; path = ../README.md; sourceTree = "<group>"; };
/* End PBXFileReference section */

/* Begin PBXFrameworksBuildPhase section */
		BAD346271895427F00275582 /* Frameworks */ = {
			isa = PBXFrameworksBuildPhase;
			buildActionMask = 2147483647;
			files = (
				BAE2906319A6CA7800B15F17 /* libProService.a in Frameworks */,
				BAE2906419A6CA7800B15F17 /* libSDWebImage.a in Frameworks */,
				8BF79180196A8D1300CBA948 /* ImageIO.framework in Frameworks */,
				8B04D7C818BF2D4E00747089 /* CoreData.framework in Frameworks */,
				BA4BA63B18A25B250091C7BD /* libz.dylib in Frameworks */,
				BA4BA63918A25B150091C7BD /* libxml2.dylib in Frameworks */,
				BA4BA63518A258630091C7BD /* SystemConfiguration.framework in Frameworks */,
				BA4BA63318A2583D0091C7BD /* MobileCoreServices.framework in Frameworks */,
				BA4BA63118A2582E0091C7BD /* Security.framework in Frameworks */,
				BA4BA62F18A2581C0091C7BD /* CFNetwork.framework in Frameworks */,
				BA4BA5AA18A233FD0091C7BD /* QuartzCore.framework in Frameworks */,
				BAD346301895427F00275582 /* CoreGraphics.framework in Frameworks */,
				BAD346321895427F00275582 /* UIKit.framework in Frameworks */,
				BAD3462E1895427F00275582 /* Foundation.framework in Frameworks */,
			);
			runOnlyForDeploymentPostprocessing = 0;
		};
		BAD346421895427F00275582 /* Frameworks */ = {
			isa = PBXFrameworksBuildPhase;
			buildActionMask = 2147483647;
			files = (
				BAD346471895427F00275582 /* XCTest.framework in Frameworks */,
				BAD346491895427F00275582 /* UIKit.framework in Frameworks */,
				BAD346481895427F00275582 /* Foundation.framework in Frameworks */,
			);
			runOnlyForDeploymentPostprocessing = 0;
		};
/* End PBXFrameworksBuildPhase section */

/* Begin PBXGroup section */
		8B42259418AB08C1002FD0C5 /* Resource */ = {
			isa = PBXGroup;
			children = (
				8BF790F8196A48D400CBA948 /* Default@2x.png */,
				8BF79048196A316900CBA948 /* Default-568h@2x.png */,
				8BD9FD3E1966B58800B744A2 /* default.bundle */,
			);
			name = Resource;
			path = Pro10788/Resource;
			sourceTree = "<group>";
		};
		8BE6D63918FCCB5A00BD031A /* DrawRect */ = {
			isa = PBXGroup;
			children = (
				8BE6D63D18FCCBC800BD031A /* View */,
				8BE6D63A18FCCB7900BD031A /* DrawViewController.h */,
				8BE6D63B18FCCB7900BD031A /* DrawViewController.m */,
			);
			path = DrawRect;
			sourceTree = "<group>";
		};
		8BE6D63D18FCCBC800BD031A /* View */ = {
			isa = PBXGroup;
			children = (
				8BE6D63E18FCCC0200BD031A /* DrawTestView.h */,
				8BE6D63F18FCCC0200BD031A /* DrawTestView.m */,
				8B3FBDD118FE27A3001A3F7C /* BubbleView.h */,
				8B3FBDD218FE27A3001A3F7C /* BubbleView.m */,
				8B3FBDD418FE2C85001A3F7C /* DrawCureView.h */,
				8B3FBDD518FE2C85001A3F7C /* DrawCureView.m */,
				8BCBA75018FF7D770003779E /* FillWordColor.h */,
				8BCBA75118FF7D770003779E /* FillWordColor.m */,
				BAE044321901F81F00A2EC87 /* ShapeView.h */,
				BAE044331901F81F00A2EC87 /* ShapeView.m */,
				8B0514871907B14F00F64517 /* BerzierTest.h */,
				8B0514881907B14F00F64517 /* BerzierTest.m */,
				8B035032191871F300A1DC17 /* BackButton.h */,
				8B035033191871F300A1DC17 /* BackButton.m */,
			);
			path = View;
			sourceTree = "<group>";
		};
		8BFC801A18D685FC00551758 /* DemoModules */ = {
			isa = PBXGroup;
			children = (
				BA38B0BD19C978CE00A50796 /* FileManage */,
				8BE6D63918FCCB5A00BD031A /* DrawRect */,
				8BFC801B18D685FC00551758 /* Block */,
				8BFC801E18D685FC00551758 /* Gesture */,
				8BFC802318D685FC00551758 /* M1 */,
				8BFC802E18D685FC00551758 /* M2 */,
				8BFC803718D685FC00551758 /* M3 */,
			);
			path = DemoModules;
			sourceTree = "<group>";
		};
		8BFC801B18D685FC00551758 /* Block */ = {
			isa = PBXGroup;
			children = (
				8BFC801C18D685FC00551758 /* BlockTestViewController.h */,
				8BFC801D18D685FC00551758 /* BlockTestViewController.m */,
				8B59E66A192339B700AF7AE4 /* TreeNodeCoreDataStorageObject.h */,
				8B59E66B192339B700AF7AE4 /* TreeNodeCoreDataStorageObject.m */,
				8B59E65A1923118C00AF7AE4 /* TreeNode.xcdatamodeld */,
				8B59E660192312F400AF7AE4 /* TreeNodeCoreDataStorage.h */,
				8B59E661192312F400AF7AE4 /* TreeNodeCoreDataStorage.m */,
			);
			path = Block;
			sourceTree = "<group>";
		};
		8BFC801E18D685FC00551758 /* Gesture */ = {
			isa = PBXGroup;
			children = (
				8B36DA2B195160540070851D /* shu.png */,
				8BFC801F18D685FC00551758 /* GestureTest.h */,
				8BFC802018D685FC00551758 /* GestureTest.m */,
				8BFC802118D685FC00551758 /* GusturePanAndDragViewController.h */,
				8BFC802218D685FC00551758 /* GusturePanAndDragViewController.m */,
			);
			path = Gesture;
			sourceTree = "<group>";
		};
		8BFC802318D685FC00551758 /* M1 */ = {
			isa = PBXGroup;
			children = (
				8BFC802418D685FC00551758 /* LocalStorage */,
				8BFC802C18D685FC00551758 /* M1ViewController.h */,
				8BFC802D18D685FC00551758 /* M1ViewController.m */,
			);
			path = M1;
			sourceTree = "<group>";
		};
		8BFC802418D685FC00551758 /* LocalStorage */ = {
			isa = PBXGroup;
			children = (
				8BFC802518D685FC00551758 /* Contact.xcdatamodeld */,
				8BFC802818D685FC00551758 /* ContactCoreDataStorage.h */,
				8BFC802918D685FC00551758 /* ContactCoreDataStorage.m */,
				8BFC802A18D685FC00551758 /* ContactCoreDataStorageObject.h */,
				8BFC802B18D685FC00551758 /* ContactCoreDataStorageObject.m */,
			);
			path = LocalStorage;
			sourceTree = "<group>";
		};
		8BFC802E18D685FC00551758 /* M2 */ = {
			isa = PBXGroup;
			children = (
				8BFC802F18D685FC00551758 /* M2SubViewController.h */,
				8BFC803018D685FC00551758 /* M2SubViewController.m */,
				8BFC803118D685FC00551758 /* M2ViewController.h */,
				8BFC803218D685FC00551758 /* M2ViewController.m */,
				8BFC803318D685FC00551758 /* service */,
			);
			path = M2;
			sourceTree = "<group>";
		};
		8BFC803318D685FC00551758 /* service */ = {
			isa = PBXGroup;
			children = (
				8BFC803418D685FC00551758 /* M2Service.h */,
				8BFC803518D685FC00551758 /* M2Service.m */,
				8BFC803618D685FC00551758 /* M2ViewProtocal.h */,
				8BEC4A3A1929F16A00D6C4B0 /* M2Service2.h */,
				8BEC4A3B1929F16A00D6C4B0 /* M2Service2.m */,
			);
			path = service;
			sourceTree = "<group>";
		};
		8BFC803718D685FC00551758 /* M3 */ = {
			isa = PBXGroup;
			children = (
				8BFC803818D685FC00551758 /* M3ViewController.h */,
				8BFC803918D685FC00551758 /* M3ViewController.m */,
				8BFC803A18D685FC00551758 /* Service */,
			);
			path = M3;
			sourceTree = "<group>";
		};
		8BFC803A18D685FC00551758 /* Service */ = {
			isa = PBXGroup;
			children = (
				8BFC803B18D685FC00551758 /* M3Service.h */,
				8BFC803C18D685FC00551758 /* M3Service.m */,
			);
			path = Service;
			sourceTree = "<group>";
		};
		8BFC804918D68E9D00551758 /* Modules */ = {
			isa = PBXGroup;
			children = (
			);
			path = Modules;
			sourceTree = "<group>";
		};
		BA38B0B419C9781100A50796 /* GTMBase64 */ = {
			isa = PBXGroup;
			children = (
				BA38B0B519C9781100A50796 /* GTMBase64_zhg.h */,
				BA38B0B619C9781100A50796 /* GTMBase64_zhg.m */,
				BA38B0B719C9781100A50796 /* GTMDefines.h */,
			);
			path = GTMBase64;
			sourceTree = "<group>";
		};
		BA38B0BD19C978CE00A50796 /* FileManage */ = {
			isa = PBXGroup;
			children = (
				BA38B0C119C97E6200A50796 /* FileTools.h */,
				BA38B0C219C97E6200A50796 /* FileTools.m */,
				BA38B0BE19C978F500A50796 /* FileManageViewController.h */,
				BA38B0BF19C978F500A50796 /* FileManageViewController.m */,
			);
			path = FileManage;
			sourceTree = "<group>";
		};
		BA45FA4219C27A68002663D9 /* Lib */ = {
			isa = PBXGroup;
			children = (
				BA38B0B419C9781100A50796 /* GTMBase64 */,
				BA45FA4719C27ADE002663D9 /* ResourseManager.h */,
				BA45FA4819C27ADE002663D9 /* ResourseManager.m */,
			);
			path = Lib;
			sourceTree = "<group>";
		};
		BAD346211895427F00275582 = {
			isa = PBXGroup;
			children = (
				BAE2906519A6CECD00B15F17 /* README.md */,
				BAE28DD219A6CA0C00B15F17 /* LIB */,
				8B42259418AB08C1002FD0C5 /* Resource */,
				BAD346331895427F00275582 /* Pro10788 */,
				BAD3464C1895427F00275582 /* Pro10788Tests */,
				BAD3462C1895427F00275582 /* Frameworks */,
				BAD3462B1895427F00275582 /* Products */,
			);
			sourceTree = "<group>";
		};
		BAD3462B1895427F00275582 /* Products */ = {
			isa = PBXGroup;
			children = (
				BAD3462A1895427F00275582 /* Pro10788.app */,
				BAD346451895427F00275582 /* Pro10788Tests.xctest */,
			);
			name = Products;
			sourceTree = "<group>";
		};
		BAD3462C1895427F00275582 /* Frameworks */ = {
			isa = PBXGroup;
			children = (
				8BF7917F196A8D1300CBA948 /* ImageIO.framework */,
				8B04D7C718BF2D4E00747089 /* CoreData.framework */,
				8BE56C4618AE0D9A007A1C30 /* CoreFoundation.framework */,
				BA4BA63A18A25B250091C7BD /* libz.dylib */,
				BA4BA63818A25B150091C7BD /* libxml2.dylib */,
				BA4BA63418A258630091C7BD /* SystemConfiguration.framework */,
				BA4BA63218A2583D0091C7BD /* MobileCoreServices.framework */,
				BA4BA63018A2582E0091C7BD /* Security.framework */,
				BA4BA62E18A2581C0091C7BD /* CFNetwork.framework */,
				BA4BA5A918A233FD0091C7BD /* QuartzCore.framework */,
				BAD3462D1895427F00275582 /* Foundation.framework */,
				BAD3462F1895427F00275582 /* CoreGraphics.framework */,
				BAD346311895427F00275582 /* UIKit.framework */,
				BAD346461895427F00275582 /* XCTest.framework */,
			);
			name = Frameworks;
			sourceTree = "<group>";
		};
		BAD346331895427F00275582 /* Pro10788 */ = {
			isa = PBXGroup;
			children = (
				BA45FA4219C27A68002663D9 /* Lib */,
				8BFC801A18D685FC00551758 /* DemoModules */,
				8BFC804918D68E9D00551758 /* Modules */,
				BAD3463C1895427F00275582 /* AppDelegate.h */,
				BAD3463D1895427F00275582 /* AppDelegate.m */,
				BAD3463F1895427F00275582 /* Images.xcassets */,
				BAD346341895427F00275582 /* Supporting Files */,
			);
			path = Pro10788;
			sourceTree = "<group>";
		};
		BAD346341895427F00275582 /* Supporting Files */ = {
			isa = PBXGroup;
			children = (
				BAD346351895427F00275582 /* Pro10788-Info.plist */,
				BAD346361895427F00275582 /* InfoPlist.strings */,
				BAD346391895427F00275582 /* main.m */,
				BAD3463B1895427F00275582 /* Pro10788-Prefix.pch */,
				BA2DFEB818A31EC600A92D5C /* Localizable.strings */,
			);
			name = "Supporting Files";
			sourceTree = "<group>";
		};
		BAD3464C1895427F00275582 /* Pro10788Tests */ = {
			isa = PBXGroup;
			children = (
				BAD346521895427F00275582 /* Pro10788Tests.m */,
				BAD3464D1895427F00275582 /* Supporting Files */,
			);
			path = Pro10788Tests;
			sourceTree = "<group>";
		};
		BAD3464D1895427F00275582 /* Supporting Files */ = {
			isa = PBXGroup;
			children = (
				BAD3464E1895427F00275582 /* Pro10788Tests-Info.plist */,
				BAD3464F1895427F00275582 /* InfoPlist.strings */,
			);
			name = "Supporting Files";
			sourceTree = "<group>";
		};
		BAE28DD219A6CA0C00B15F17 /* LIB */ = {
			isa = PBXGroup;
			children = (
				BAE2905219A6CA2A00B15F17 /* SDWebImage.xcodeproj */,
				BAE2904919A6CA2000B15F17 /* ProService.xcodeproj */,
			);
			name = LIB;
			path = ../LIB;
			sourceTree = "<group>";
		};
		BAE2904A19A6CA2000B15F17 /* Products */ = {
			isa = PBXGroup;
			children = (
				BAE2904F19A6CA2100B15F17 /* libProService.a */,
				BAE2905119A6CA2100B15F17 /* ProServiceTests.xctest */,
			);
			name = Products;
			sourceTree = "<group>";
		};
		BAE2905319A6CA2A00B15F17 /* Products */ = {
			isa = PBXGroup;
			children = (
				BAE2905A19A6CA2A00B15F17 /* libSDWebImage.a */,
				BAE2905C19A6CA2A00B15F17 /* libSDWebImage+WebP.a */,
				BAE2905E19A6CA2A00B15F17 /* libSDWebImage+MKAnnotation.a */,
			);
			name = Products;
			sourceTree = "<group>";
		};
/* End PBXGroup section */

/* Begin PBXNativeTarget section */
		BAD346291895427F00275582 /* Pro10788 */ = {
			isa = PBXNativeTarget;
			buildConfigurationList = BAD346561895427F00275582 /* Build configuration list for PBXNativeTarget "Pro10788" */;
			buildPhases = (
				BAD346261895427F00275582 /* Sources */,
				BAD346271895427F00275582 /* Frameworks */,
				BAD346281895427F00275582 /* Resources */,
			);
			buildRules = (
			);
			dependencies = (
				BAE2906019A6CA6900B15F17 /* PBXTargetDependency */,
				BAE2906219A6CA6900B15F17 /* PBXTargetDependency */,
			);
			name = Pro10788;
			productName = Pro10788;
			productReference = BAD3462A1895427F00275582 /* Pro10788.app */;
			productType = "com.apple.product-type.application";
		};
		BAD346441895427F00275582 /* Pro10788Tests */ = {
			isa = PBXNativeTarget;
			buildConfigurationList = BAD346591895427F00275582 /* Build configuration list for PBXNativeTarget "Pro10788Tests" */;
			buildPhases = (
				BAD346411895427F00275582 /* Sources */,
				BAD346421895427F00275582 /* Frameworks */,
				BAD346431895427F00275582 /* Resources */,
			);
			buildRules = (
			);
			dependencies = (
				BAD3464B1895427F00275582 /* PBXTargetDependency */,
			);
			name = Pro10788Tests;
			productName = Pro10788Tests;
			productReference = BAD346451895427F00275582 /* Pro10788Tests.xctest */;
			productType = "com.apple.product-type.bundle.unit-test";
		};
/* End PBXNativeTarget section */

/* Begin PBXProject section */
		BAD346221895427F00275582 /* Project object */ = {
			isa = PBXProject;
			attributes = {
				LastUpgradeCheck = 0510;
				ORGANIZATIONNAME = "江磊";
				TargetAttributes = {
					BAD346291895427F00275582 = {
						DevelopmentTeam = 22N2FRDKL6;
					};
					BAD346441895427F00275582 = {
						TestTargetID = BAD346291895427F00275582;
					};
				};
			};
			buildConfigurationList = BAD346251895427F00275582 /* Build configuration list for PBXProject "Pro10788" */;
			compatibilityVersion = "Xcode 3.2";
			developmentRegion = English;
			hasScannedForEncodings = 0;
			knownRegions = (
				en,
				"zh-Hans",
				ja,
			);
			mainGroup = BAD346211895427F00275582;
			productRefGroup = BAD3462B1895427F00275582 /* Products */;
			projectDirPath = "";
			projectReferences = (
				{
					ProductGroup = BAE2904A19A6CA2000B15F17 /* Products */;
					ProjectRef = BAE2904919A6CA2000B15F17 /* ProService.xcodeproj */;
				},
				{
					ProductGroup = BAE2905319A6CA2A00B15F17 /* Products */;
					ProjectRef = BAE2905219A6CA2A00B15F17 /* SDWebImage.xcodeproj */;
				},
			);
			projectRoot = "";
			targets = (
				BAD346291895427F00275582 /* Pro10788 */,
				BAD346441895427F00275582 /* Pro10788Tests */,
			);
		};
/* End PBXProject section */

/* Begin PBXReferenceProxy section */
		BAE2904F19A6CA2100B15F17 /* libProService.a */ = {
			isa = PBXReferenceProxy;
			fileType = archive.ar;
			path = libProService.a;
			remoteRef = BAE2904E19A6CA2100B15F17 /* PBXContainerItemProxy */;
			sourceTree = BUILT_PRODUCTS_DIR;
		};
		BAE2905119A6CA2100B15F17 /* ProServiceTests.xctest */ = {
			isa = PBXReferenceProxy;
			fileType = wrapper.cfbundle;
			path = ProServiceTests.xctest;
			remoteRef = BAE2905019A6CA2100B15F17 /* PBXContainerItemProxy */;
			sourceTree = BUILT_PRODUCTS_DIR;
		};
		BAE2905A19A6CA2A00B15F17 /* libSDWebImage.a */ = {
			isa = PBXReferenceProxy;
			fileType = archive.ar;
			path = libSDWebImage.a;
			remoteRef = BAE2905919A6CA2A00B15F17 /* PBXContainerItemProxy */;
			sourceTree = BUILT_PRODUCTS_DIR;
		};
		BAE2905C19A6CA2A00B15F17 /* libSDWebImage+WebP.a */ = {
			isa = PBXReferenceProxy;
			fileType = archive.ar;
			path = "libSDWebImage+WebP.a";
			remoteRef = BAE2905B19A6CA2A00B15F17 /* PBXContainerItemProxy */;
			sourceTree = BUILT_PRODUCTS_DIR;
		};
		BAE2905E19A6CA2A00B15F17 /* libSDWebImage+MKAnnotation.a */ = {
			isa = PBXReferenceProxy;
			fileType = archive.ar;
			path = "libSDWebImage+MKAnnotation.a";
			remoteRef = BAE2905D19A6CA2A00B15F17 /* PBXContainerItemProxy */;
			sourceTree = BUILT_PRODUCTS_DIR;
		};
/* End PBXReferenceProxy section */

/* Begin PBXResourcesBuildPhase section */
		BAD346281895427F00275582 /* Resources */ = {
			isa = PBXResourcesBuildPhase;
			buildActionMask = 2147483647;
			files = (
				8BF790F9196A48D400CBA948 /* Default@2x.png in Resources */,
				BAD346381895427F00275582 /* InfoPlist.strings in Resources */,
				BA2DFEB618A31EC600A92D5C /* Localizable.strings in Resources */,
				8B36DA2C195160540070851D /* shu.png in Resources */,
				8BD9FD3F1966B58800B744A2 /* default.bundle in Resources */,
				BAD346401895427F00275582 /* Images.xcassets in Resources */,
				BAE2906619A6CECD00B15F17 /* README.md in Resources */,
				8BF79049196A316900CBA948 /* Default-568h@2x.png in Resources */,
			);
			runOnlyForDeploymentPostprocessing = 0;
		};
		BAD346431895427F00275582 /* Resources */ = {
			isa = PBXResourcesBuildPhase;
			buildActionMask = 2147483647;
			files = (
				BAD346511895427F00275582 /* InfoPlist.strings in Resources */,
			);
			runOnlyForDeploymentPostprocessing = 0;
		};
/* End PBXResourcesBuildPhase section */

/* Begin PBXSourcesBuildPhase section */
		BAD346261895427F00275582 /* Sources */ = {
			isa = PBXSourcesBuildPhase;
			buildActionMask = 2147483647;
			files = (
				8BFC804618D685FC00551758 /* M2Service.m in Sources */,
				8BFC804118D685FC00551758 /* ContactCoreDataStorage.m in Sources */,
				8BFC804418D685FC00551758 /* M2SubViewController.m in Sources */,
				BA38B0B819C9781100A50796 /* GTMBase64_zhg.m in Sources */,
				8BFC803D18D685FC00551758 /* BlockTestViewController.m in Sources */,
				BAD3463E1895427F00275582 /* AppDelegate.m in Sources */,
				8B3FBDD618FE2C85001A3F7C /* DrawCureView.m in Sources */,
				8BCBA75218FF7D770003779E /* FillWordColor.m in Sources */,
				8B59E66C192339B700AF7AE4 /* TreeNodeCoreDataStorageObject.m in Sources */,
				BAE044341901F81F00A2EC87 /* ShapeView.m in Sources */,
				8BFC803E18D685FC00551758 /* GestureTest.m in Sources */,
				8BFC803F18D685FC00551758 /* GusturePanAndDragViewController.m in Sources */,
				8B59E65C1923118C00AF7AE4 /* TreeNode.xcdatamodeld in Sources */,
				8BE6D63C18FCCB7900BD031A /* DrawViewController.m in Sources */,
				8BFC804818D685FC00551758 /* M3Service.m in Sources */,
				8BEC4A3C1929F16A00D6C4B0 /* M2Service2.m in Sources */,
				8BFC804218D685FC00551758 /* ContactCoreDataStorageObject.m in Sources */,
				8BFC804318D685FC00551758 /* M1ViewController.m in Sources */,
				BAD3463A1895427F00275582 /* main.m in Sources */,
				BA38B0C319C97E6200A50796 /* FileTools.m in Sources */,
				8B035034191871F300A1DC17 /* BackButton.m in Sources */,
				8BFC804718D685FC00551758 /* M3ViewController.m in Sources */,
				8B59E662192312F400AF7AE4 /* TreeNodeCoreDataStorage.m in Sources */,
				8BFC804518D685FC00551758 /* M2ViewController.m in Sources */,
				BA38B0C019C978F500A50796 /* FileManageViewController.m in Sources */,
				8BFC804018D685FC00551758 /* Contact.xcdatamodeld in Sources */,
				8B3FBDD318FE27A3001A3F7C /* BubbleView.m in Sources */,
				8BE6D64018FCCC0200BD031A /* DrawTestView.m in Sources */,
				BA45FA4919C27ADE002663D9 /* ResourseManager.m in Sources */,
				8B0514891907B14F00F64517 /* BerzierTest.m in Sources */,
			);
			runOnlyForDeploymentPostprocessing = 0;
		};
		BAD346411895427F00275582 /* Sources */ = {
			isa = PBXSourcesBuildPhase;
			buildActionMask = 2147483647;
			files = (
				BAD346531895427F00275582 /* Pro10788Tests.m in Sources */,
			);
			runOnlyForDeploymentPostprocessing = 0;
		};
/* End PBXSourcesBuildPhase section */

/* Begin PBXTargetDependency section */
		BAD3464B1895427F00275582 /* PBXTargetDependency */ = {
			isa = PBXTargetDependency;
			target = BAD346291895427F00275582 /* Pro10788 */;
			targetProxy = BAD3464A1895427F00275582 /* PBXContainerItemProxy */;
		};
		BAE2906019A6CA6900B15F17 /* PBXTargetDependency */ = {
			isa = PBXTargetDependency;
			name = SDWebImage;
			targetProxy = BAE2905F19A6CA6900B15F17 /* PBXContainerItemProxy */;
		};
		BAE2906219A6CA6900B15F17 /* PBXTargetDependency */ = {
			isa = PBXTargetDependency;
			name = ProService;
			targetProxy = BAE2906119A6CA6900B15F17 /* PBXContainerItemProxy */;
		};
/* End PBXTargetDependency section */

/* Begin PBXVariantGroup section */
		BA2DFEB818A31EC600A92D5C /* Localizable.strings */ = {
			isa = PBXVariantGroup;
			children = (
				BA2DFEB718A31EC600A92D5C /* en */,
				BA2DFEB918A31ECC00A92D5C /* zh-Hans */,
				BA2DFEBB18A31F6A00A92D5C /* ja */,
			);
			name = Localizable.strings;
			sourceTree = "<group>";
		};
		BAD346361895427F00275582 /* InfoPlist.strings */ = {
			isa = PBXVariantGroup;
			children = (
				BAD346371895427F00275582 /* en */,
				BA2DFEB218A31D6800A92D5C /* zh-Hans */,
				BA2DFEBA18A31F6A00A92D5C /* ja */,
			);
			name = InfoPlist.strings;
			sourceTree = "<group>";
		};
		BAD3464F1895427F00275582 /* InfoPlist.strings */ = {
			isa = PBXVariantGroup;
			children = (
				BAD346501895427F00275582 /* en */,
				BA2DFEB318A31D6800A92D5C /* zh-Hans */,
				BA2DFEBC18A31F6A00A92D5C /* ja */,
			);
			name = InfoPlist.strings;
			sourceTree = "<group>";
		};
/* End PBXVariantGroup section */

/* Begin XCBuildConfiguration section */
		BAD346541895427F00275582 /* Debug */ = {
			isa = XCBuildConfiguration;
			buildSettings = {
				ALWAYS_SEARCH_USER_PATHS = NO;
				CLANG_CXX_LANGUAGE_STANDARD = "gnu++0x";
				CLANG_CXX_LIBRARY = "libc++";
				CLANG_ENABLE_MODULES = YES;
				CLANG_ENABLE_OBJC_ARC = YES;
				CLANG_WARN_BOOL_CONVERSION = YES;
				CLANG_WARN_CONSTANT_CONVERSION = YES;
				CLANG_WARN_DIRECT_OBJC_ISA_USAGE = YES_ERROR;
				CLANG_WARN_EMPTY_BODY = YES;
				CLANG_WARN_ENUM_CONVERSION = YES;
				CLANG_WARN_INT_CONVERSION = YES;
				CLANG_WARN_OBJC_ROOT_CLASS = YES_ERROR;
				CLANG_WARN__DUPLICATE_METHOD_MATCH = YES;
				CODE_SIGN_IDENTITY = "iPhone Developer: Chao Chen (PEE2UJ4P5C)";
				"CODE_SIGN_IDENTITY[sdk=iphoneos*]" = "iPhone Developer: Chao Chen (PEE2UJ4P5C)";
				COPY_PHASE_STRIP = NO;
				GCC_C_LANGUAGE_STANDARD = gnu99;
				GCC_DYNAMIC_NO_PIC = NO;
				GCC_OPTIMIZATION_LEVEL = 0;
				GCC_PREPROCESSOR_DEFINITIONS = (
					"DEBUG=1",
					"$(inherited)",
				);
				GCC_SYMBOLS_PRIVATE_EXTERN = NO;
				GCC_WARN_64_TO_32_BIT_CONVERSION = YES;
				GCC_WARN_ABOUT_RETURN_TYPE = YES_ERROR;
				GCC_WARN_UNDECLARED_SELECTOR = YES;
				GCC_WARN_UNINITIALIZED_AUTOS = YES;
				GCC_WARN_UNUSED_FUNCTION = YES;
				GCC_WARN_UNUSED_VARIABLE = YES;
				IPHONEOS_DEPLOYMENT_TARGET = 5.0;
				ONLY_ACTIVE_ARCH = YES;
				PROVISIONING_PROFILE = "5479F724-D256-4045-BB48-7FFA6342CD31";
				SDKROOT = iphoneos;
			};
			name = Debug;
		};
		BAD346551895427F00275582 /* Release */ = {
			isa = XCBuildConfiguration;
			buildSettings = {
				ALWAYS_SEARCH_USER_PATHS = NO;
				CLANG_CXX_LANGUAGE_STANDARD = "gnu++0x";
				CLANG_CXX_LIBRARY = "libc++";
				CLANG_ENABLE_MODULES = YES;
				CLANG_ENABLE_OBJC_ARC = YES;
				CLANG_WARN_BOOL_CONVERSION = YES;
				CLANG_WARN_CONSTANT_CONVERSION = YES;
				CLANG_WARN_DIRECT_OBJC_ISA_USAGE = YES_ERROR;
				CLANG_WARN_EMPTY_BODY = YES;
				CLANG_WARN_ENUM_CONVERSION = YES;
				CLANG_WARN_INT_CONVERSION = YES;
				CLANG_WARN_OBJC_ROOT_CLASS = YES_ERROR;
				CLANG_WARN__DUPLICATE_METHOD_MATCH = YES;
				CODE_SIGN_IDENTITY = "iPhone Distribution";
				"CODE_SIGN_IDENTITY[sdk=iphoneos*]" = "iPhone Developer";
				COPY_PHASE_STRIP = YES;
				ENABLE_NS_ASSERTIONS = NO;
				GCC_C_LANGUAGE_STANDARD = gnu99;
				GCC_WARN_64_TO_32_BIT_CONVERSION = YES;
				GCC_WARN_ABOUT_RETURN_TYPE = YES_ERROR;
				GCC_WARN_UNDECLARED_SELECTOR = YES;
				GCC_WARN_UNINITIALIZED_AUTOS = YES;
				GCC_WARN_UNUSED_FUNCTION = YES;
				GCC_WARN_UNUSED_VARIABLE = YES;
				IPHONEOS_DEPLOYMENT_TARGET = 5.0;
				PROVISIONING_PROFILE = "5479F724-D256-4045-BB48-7FFA6342CD31";
				SDKROOT = iphoneos;
				VALIDATE_PRODUCT = YES;
			};
			name = Release;
		};
		BAD346571895427F00275582 /* Debug */ = {
			isa = XCBuildConfiguration;
			buildSettings = {
				CODE_SIGN_IDENTITY = "iPhone Developer";
				"CODE_SIGN_IDENTITY[sdk=iphoneos*]" = "iPhone Developer";
				GCC_PRECOMPILE_PREFIX_HEADER = YES;
				GCC_PREFIX_HEADER = "Pro10788/Pro10788-Prefix.pch";
				HEADER_SEARCH_PATHS = (
					"$(inherited)",
					/Applications/Xcode.app/Contents/Developer/Toolchains/XcodeDefault.xctoolchain/usr/include,
					../ProService/,
					../SDWebImage/,
				);
				INFOPLIST_FILE = "Pro10788/Pro10788-Info.plist";
				IPHONEOS_DEPLOYMENT_TARGET = 5.0;
				OTHER_LDFLAGS = "-ObjC";
				PRODUCT_NAME = "$(TARGET_NAME)";
				PROVISIONING_PROFILE = "";
				TARGETED_DEVICE_FAMILY = "1,2";
				WRAPPER_EXTENSION = app;
			};
			name = Debug;
		};
		BAD346581895427F00275582 /* Release */ = {
			isa = XCBuildConfiguration;
			buildSettings = {
				CODE_SIGN_IDENTITY = "iPhone Developer";
				"CODE_SIGN_IDENTITY[sdk=iphoneos*]" = "iPhone Developer";
				GCC_PRECOMPILE_PREFIX_HEADER = YES;
				GCC_PREFIX_HEADER = "Pro10788/Pro10788-Prefix.pch";
				HEADER_SEARCH_PATHS = (
					"$(inherited)",
					/Applications/Xcode.app/Contents/Developer/Toolchains/XcodeDefault.xctoolchain/usr/include,
					../ProService/,
					../SDWebImage/,
				);
				INFOPLIST_FILE = "Pro10788/Pro10788-Info.plist";
				IPHONEOS_DEPLOYMENT_TARGET = 5.0;
				OTHER_LDFLAGS = "-ObjC";
				PRODUCT_NAME = "$(TARGET_NAME)";
				PROVISIONING_PROFILE = "";
				TARGETED_DEVICE_FAMILY = "1,2";
				WRAPPER_EXTENSION = app;
			};
			name = Release;
		};
		BAD3465A1895427F00275582 /* Debug */ = {
			isa = XCBuildConfiguration;
			buildSettings = {
				BUNDLE_LOADER = "$(BUILT_PRODUCTS_DIR)/Pro10788.app/Pro10788";
				CODE_SIGN_IDENTITY = "";
				FRAMEWORK_SEARCH_PATHS = (
					"$(SDKROOT)/Developer/Library/Frameworks",
					"$(inherited)",
					"$(DEVELOPER_FRAMEWORKS_DIR)",
				);
				GCC_PRECOMPILE_PREFIX_HEADER = YES;
				GCC_PREFIX_HEADER = "Pro10788/Pro10788-Prefix.pch";
				GCC_PREPROCESSOR_DEFINITIONS = (
					"DEBUG=1",
					"$(inherited)",
				);
				INFOPLIST_FILE = "Pro10788Tests/Pro10788Tests-Info.plist";
				PRODUCT_NAME = "$(TARGET_NAME)";
				TEST_HOST = "$(BUNDLE_LOADER)";
				WRAPPER_EXTENSION = xctest;
			};
			name = Debug;
		};
		BAD3465B1895427F00275582 /* Release */ = {
			isa = XCBuildConfiguration;
			buildSettings = {
				BUNDLE_LOADER = "$(BUILT_PRODUCTS_DIR)/Pro10788.app/Pro10788";
				CODE_SIGN_IDENTITY = "";
				FRAMEWORK_SEARCH_PATHS = (
					"$(SDKROOT)/Developer/Library/Frameworks",
					"$(inherited)",
					"$(DEVELOPER_FRAMEWORKS_DIR)",
				);
				GCC_PRECOMPILE_PREFIX_HEADER = YES;
				GCC_PREFIX_HEADER = "Pro10788/Pro10788-Prefix.pch";
				INFOPLIST_FILE = "Pro10788Tests/Pro10788Tests-Info.plist";
				PRODUCT_NAME = "$(TARGET_NAME)";
				TEST_HOST = "$(BUNDLE_LOADER)";
				WRAPPER_EXTENSION = xctest;
			};
			name = Release;
		};
/* End XCBuildConfiguration section */

/* Begin XCConfigurationList section */
		BAD346251895427F00275582 /* Build configuration list for PBXProject "Pro10788" */ = {
			isa = XCConfigurationList;
			buildConfigurations = (
				BAD346541895427F00275582 /* Debug */,
				BAD346551895427F00275582 /* Release */,
			);
			defaultConfigurationIsVisible = 0;
			defaultConfigurationName = Release;
		};
		BAD346561895427F00275582 /* Build configuration list for PBXNativeTarget "Pro10788" */ = {
			isa = XCConfigurationList;
			buildConfigurations = (
				BAD346571895427F00275582 /* Debug */,
				BAD346581895427F00275582 /* Release */,
			);
			defaultConfigurationIsVisible = 0;
			defaultConfigurationName = Release;
		};
		BAD346591895427F00275582 /* Build configuration list for PBXNativeTarget "Pro10788Tests" */ = {
			isa = XCConfigurationList;
			buildConfigurations = (
				BAD3465A1895427F00275582 /* Debug */,
				BAD3465B1895427F00275582 /* Release */,
			);
			defaultConfigurationIsVisible = 0;
			defaultConfigurationName = Release;
		};
/* End XCConfigurationList section */

/* Begin XCVersionGroup section */
		8B59E65A1923118C00AF7AE4 /* TreeNode.xcdatamodeld */ = {
			isa = XCVersionGroup;
			children = (
				8B59E6661923393E00AF7AE4 /* TreeNode2.xcdatamodel */,
				8B59E65B1923118C00AF7AE4 /* TreeNode.xcdatamodel */,
			);
			currentVersion = 8B59E6661923393E00AF7AE4 /* TreeNode2.xcdatamodel */;
			path = TreeNode.xcdatamodeld;
			sourceTree = "<group>";
			versionGroupType = wrapper.xcdatamodel;
		};
		8BFC802518D685FC00551758 /* Contact.xcdatamodeld */ = {
			isa = XCVersionGroup;
			children = (
				8BFC802618D685FC00551758 /* Contact 2.xcdatamodel */,
				8BFC802718D685FC00551758 /* Contact.xcdatamodel */,
			);
			currentVersion = 8BFC802618D685FC00551758 /* Contact 2.xcdatamodel */;
			path = Contact.xcdatamodeld;
			sourceTree = "<group>";
			versionGroupType = wrapper.xcdatamodel;
		};
/* End XCVersionGroup section */
	};
	rootObject = BAD346221895427F00275582 /* Project object */;
}
