// !$*UTF8*$!
{
	archiveVersion = 1;
	classes = {
	};
	objectVersion = 46;
	objects = {

/* Begin PBXBuildFile section */
		BA1C1E5019B0166C00E018A3 /* loading1@2x.png in Resources */ = {isa = PBXBuildFile; fileRef = BA1C1E4819B0166C00E018A3 /* loading1@2x.png */; };
		BA1C1E5119B0166C00E018A3 /* loading2@2x.png in Resources */ = {isa = PBXBuildFile; fileRef = BA1C1E4919B0166C00E018A3 /* loading2@2x.png */; };
		BA1C1E5219B0166C00E018A3 /* loading3@2x.png in Resources */ = {isa = PBXBuildFile; fileRef = BA1C1E4A19B0166C00E018A3 /* loading3@2x.png */; };
		BA1C1E5319B0166C00E018A3 /* loading4@2x.png in Resources */ = {isa = PBXBuildFile; fileRef = BA1C1E4B19B0166C00E018A3 /* loading4@2x.png */; };
		BA1C1E5419B0166C00E018A3 /* loading5@2x.png in Resources */ = {isa = PBXBuildFile; fileRef = BA1C1E4C19B0166C00E018A3 /* loading5@2x.png */; };
		BA1C1E5519B0166C00E018A3 /* loading6@2x.png in Resources */ = {isa = PBXBuildFile; fileRef = BA1C1E4D19B0166C00E018A3 /* loading6@2x.png */; };
		BA1C1E5619B0166C00E018A3 /* loading7@2x.png in Resources */ = {isa = PBXBuildFile; fileRef = BA1C1E4E19B0166C00E018A3 /* loading7@2x.png */; };
		BA1C1E5719B0166C00E018A3 /* loading8@2x.png in Resources */ = {isa = PBXBuildFile; fileRef = BA1C1E4F19B0166C00E018A3 /* loading8@2x.png */; };
		BA1C1E6019B01B9400E018A3 /* loading1@2x~ipad.png in Resources */ = {isa = PBXBuildFile; fileRef = BA1C1E5819B01B9400E018A3 /* loading1@2x~ipad.png */; };
		BA1C1E6119B01B9400E018A3 /* loading2@2x~ipad.png in Resources */ = {isa = PBXBuildFile; fileRef = BA1C1E5919B01B9400E018A3 /* loading2@2x~ipad.png */; };
		BA1C1E6219B01B9400E018A3 /* loading3@2x~ipad.png in Resources */ = {isa = PBXBuildFile; fileRef = BA1C1E5A19B01B9400E018A3 /* loading3@2x~ipad.png */; };
		BA1C1E6319B01B9400E018A3 /* loading4@2x~ipad.png in Resources */ = {isa = PBXBuildFile; fileRef = BA1C1E5B19B01B9400E018A3 /* loading4@2x~ipad.png */; };
		BA1C1E6419B01B9400E018A3 /* loading5@2x~ipad.png in Resources */ = {isa = PBXBuildFile; fileRef = BA1C1E5C19B01B9400E018A3 /* loading5@2x~ipad.png */; };
		BA1C1E6519B01B9400E018A3 /* loading6@2x~ipad.png in Resources */ = {isa = PBXBuildFile; fileRef = BA1C1E5D19B01B9400E018A3 /* loading6@2x~ipad.png */; };
		BA1C1E6619B01B9400E018A3 /* loading7@2x~ipad.png in Resources */ = {isa = PBXBuildFile; fileRef = BA1C1E5E19B01B9400E018A3 /* loading7@2x~ipad.png */; };
		BA1C1E6719B01B9400E018A3 /* loading8@2x~ipad.png in Resources */ = {isa = PBXBuildFile; fileRef = BA1C1E5F19B01B9400E018A3 /* loading8@2x~ipad.png */; };
		BA1C1E6919B06CCA00E018A3 /* lanch@2x.png in Resources */ = {isa = PBXBuildFile; fileRef = BA1C1E6819B06CCA00E018A3 /* lanch@2x.png */; };
		BA25C1C719B4A08E00967DE9 /* Default-568h@2x.png in Resources */ = {isa = PBXBuildFile; fileRef = BA25C1C619B4A08E00967DE9 /* Default-568h@2x.png */; };
		BA28592619AC3CE300A296FF /* icon.png in Resources */ = {isa = PBXBuildFile; fileRef = BA28592519AC3CE300A296FF /* icon.png */; };
		BA28592919AC3D5700A296FF /* icon@2x.png in Resources */ = {isa = PBXBuildFile; fileRef = BA28592819AC3D5700A296FF /* icon@2x.png */; };
		BA28593019AC670E00A296FF /* MenuButtonItem.m in Sources */ = {isa = PBXBuildFile; fileRef = BA28592D19AC670E00A296FF /* MenuButtonItem.m */; };
		BA28593119AC670E00A296FF /* MenuView.m in Sources */ = {isa = PBXBuildFile; fileRef = BA28592F19AC670E00A296FF /* MenuView.m */; };
		BA2FC15019AB26A2006D056F /* liveradio@2x.png in Resources */ = {isa = PBXBuildFile; fileRef = BA2FC14C19AB26A2006D056F /* liveradio@2x.png */; };
		BA2FC15119AB26A2006D056F /* myradio@2x.png in Resources */ = {isa = PBXBuildFile; fileRef = BA2FC14D19AB26A2006D056F /* myradio@2x.png */; };
		BA2FC15219AB26A2006D056F /* news@2x.png in Resources */ = {isa = PBXBuildFile; fileRef = BA2FC14E19AB26A2006D056F /* news@2x.png */; };
		BA2FC15319AB26A2006D056F /* ondemand@2x.png in Resources */ = {isa = PBXBuildFile; fileRef = BA2FC14F19AB26A2006D056F /* ondemand@2x.png */; };
		BA43F2E219A7069800EBC61C /* CFNetwork.framework in Frameworks */ = {isa = PBXBuildFile; fileRef = BA43F2E119A7069800EBC61C /* CFNetwork.framework */; };
		BA43F2E419A7080300EBC61C /* Security.framework in Frameworks */ = {isa = PBXBuildFile; fileRef = BA43F2E319A7080300EBC61C /* Security.framework */; };
		BA43F2E619A708AD00EBC61C /* QuartzCore.framework in Frameworks */ = {isa = PBXBuildFile; fileRef = BA43F2E519A708AD00EBC61C /* QuartzCore.framework */; };
		BA43F2E819A709E200EBC61C /* MobileCoreServices.framework in Frameworks */ = {isa = PBXBuildFile; fileRef = BA43F2E719A709E200EBC61C /* MobileCoreServices.framework */; };
		BA43F2EC19A70A2300EBC61C /* CoreFoundation.framework in Frameworks */ = {isa = PBXBuildFile; fileRef = BA43F2EB19A70A2300EBC61C /* CoreFoundation.framework */; };
		BA43F2EE19A70AE300EBC61C /* libz.dylib in Frameworks */ = {isa = PBXBuildFile; fileRef = BA43F2ED19A70AE300EBC61C /* libz.dylib */; };
		BA50B78C19B3362A00D8F8A2 /* setting@2x.png in Resources */ = {isa = PBXBuildFile; fileRef = BA50B78B19B3362A00D8F8A2 /* setting@2x.png */; };
		BA50B78F19B353E400D8F8A2 /* PlainData.bundle in Resources */ = {isa = PBXBuildFile; fileRef = BA50B78E19B353E400D8F8A2 /* PlainData.bundle */; };
		BA55594919A6D64F0074092F /* libProService.a in Frameworks */ = {isa = PBXBuildFile; fileRef = BAE2933519A6D5F500B15F17 /* libProService.a */; };
		BA55595819A6E2790074092F /* PlainViewController.m in Sources */ = {isa = PBXBuildFile; fileRef = BA55595719A6E2790074092F /* PlainViewController.m */; };
		BA55595F19A6E4530074092F /* MasterContentViewController.m in Sources */ = {isa = PBXBuildFile; fileRef = BA55595E19A6E4530074092F /* MasterContentViewController.m */; };
		BA9D376319B16FF90081759E /* TextContentView.m in Sources */ = {isa = PBXBuildFile; fileRef = BA9D376219B16FF90081759E /* TextContentView.m */; };
		BA9D376719B1700C0081759E /* WebContentView.m in Sources */ = {isa = PBXBuildFile; fileRef = BA9D376619B1700C0081759E /* WebContentView.m */; };
		BAE2907419A6D4A000B15F17 /* Foundation.framework in Frameworks */ = {isa = PBXBuildFile; fileRef = BAE2907319A6D4A000B15F17 /* Foundation.framework */; };
		BAE2907619A6D4A000B15F17 /* CoreGraphics.framework in Frameworks */ = {isa = PBXBuildFile; fileRef = BAE2907519A6D4A000B15F17 /* CoreGraphics.framework */; };
		BAE2907819A6D4A000B15F17 /* UIKit.framework in Frameworks */ = {isa = PBXBuildFile; fileRef = BAE2907719A6D4A000B15F17 /* UIKit.framework */; };
		BAE2907E19A6D4A000B15F17 /* InfoPlist.strings in Resources */ = {isa = PBXBuildFile; fileRef = BAE2907C19A6D4A000B15F17 /* InfoPlist.strings */; };
		BAE2908019A6D4A000B15F17 /* main.m in Sources */ = {isa = PBXBuildFile; fileRef = BAE2907F19A6D4A000B15F17 /* main.m */; };
		BAE2908419A6D4A000B15F17 /* AppDelegate.m in Sources */ = {isa = PBXBuildFile; fileRef = BAE2908319A6D4A000B15F17 /* AppDelegate.m */; };
		BAE2908619A6D4A000B15F17 /* Images.xcassets in Resources */ = {isa = PBXBuildFile; fileRef = BAE2908519A6D4A000B15F17 /* Images.xcassets */; };
		BAE2908D19A6D4A000B15F17 /* XCTest.framework in Frameworks */ = {isa = PBXBuildFile; fileRef = BAE2908C19A6D4A000B15F17 /* XCTest.framework */; };
		BAE2908E19A6D4A000B15F17 /* Foundation.framework in Frameworks */ = {isa = PBXBuildFile; fileRef = BAE2907319A6D4A000B15F17 /* Foundation.framework */; };
		BAE2908F19A6D4A000B15F17 /* UIKit.framework in Frameworks */ = {isa = PBXBuildFile; fileRef = BAE2907719A6D4A000B15F17 /* UIKit.framework */; };
		BAE2909719A6D4A000B15F17 /* InfoPlist.strings in Resources */ = {isa = PBXBuildFile; fileRef = BAE2909519A6D4A000B15F17 /* InfoPlist.strings */; };
		BAE2909919A6D4A000B15F17 /* Air6200Tests.m in Sources */ = {isa = PBXBuildFile; fileRef = BAE2909819A6D4A000B15F17 /* Air6200Tests.m */; };
		BAE2933919A6D60F00B15F17 /* README.md in Resources */ = {isa = PBXBuildFile; fileRef = BAE2933819A6D60F00B15F17 /* README.md */; };
		BAF2B1A419AD608F0095E804 /* ArticlesViewController.m in Sources */ = {isa = PBXBuildFile; fileRef = BAF2B1A319AD608F0095E804 /* ArticlesViewController.m */; };
		BAF2B1A719AD60A60095E804 /* MediaViewController.m in Sources */ = {isa = PBXBuildFile; fileRef = BAF2B1A619AD60A60095E804 /* MediaViewController.m */; };
		BAF2B1AE19AD76A90095E804 /* SettingViewController.m in Sources */ = {isa = PBXBuildFile; fileRef = BAF2B1AD19AD76A90095E804 /* SettingViewController.m */; };
		BAF2B1B019AD94F00095E804 /* 2-2.txt in Resources */ = {isa = PBXBuildFile; fileRef = BAF2B1AF19AD94F00095E804 /* 2-2.txt */; };
		BAF2B1C319ADAE1A0095E804 /* PlainContentView.m in Sources */ = {isa = PBXBuildFile; fileRef = BAF2B1C019ADAE1A0095E804 /* PlainContentView.m */; };
		BAF2B1C419ADAE1A0095E804 /* PlainListView.m in Sources */ = {isa = PBXBuildFile; fileRef = BAF2B1C219ADAE1A0095E804 /* PlainListView.m */; };
		BAF2B1C719ADBB980095E804 /* PlainService.m in Sources */ = {isa = PBXBuildFile; fileRef = BAF2B1C619ADBB980095E804 /* PlainService.m */; };
/* End PBXBuildFile section */

/* Begin PBXContainerItemProxy section */
		BA55594719A6D6410074092F /* PBXContainerItemProxy */ = {
			isa = PBXContainerItemProxy;
			containerPortal = BAE2932F19A6D5F500B15F17 /* ProService.xcodeproj */;
			proxyType = 1;
			remoteGlobalIDString = 8BA054EC196B7B8900B7E082;
			remoteInfo = ProService;
		};
		BAE2909019A6D4A000B15F17 /* PBXContainerItemProxy */ = {
			isa = PBXContainerItemProxy;
			containerPortal = BAE2906819A6D4A000B15F17 /* Project object */;
			proxyType = 1;
			remoteGlobalIDString = BAE2906F19A6D4A000B15F17;
			remoteInfo = Air6200;
		};
		BAE2933419A6D5F500B15F17 /* PBXContainerItemProxy */ = {
			isa = PBXContainerItemProxy;
			containerPortal = BAE2932F19A6D5F500B15F17 /* ProService.xcodeproj */;
			proxyType = 2;
			remoteGlobalIDString = 8BA054ED196B7B8900B7E082;
			remoteInfo = ProService;
		};
		BAE2933619A6D5F500B15F17 /* PBXContainerItemProxy */ = {
			isa = PBXContainerItemProxy;
			containerPortal = BAE2932F19A6D5F500B15F17 /* ProService.xcodeproj */;
			proxyType = 2;
			remoteGlobalIDString = 8BA054FD196B7B8A00B7E082;
			remoteInfo = ProServiceTests;
		};
/* End PBXContainerItemProxy section */

/* Begin PBXFileReference section */
		BA1C1E4819B0166C00E018A3 /* loading1@2x.png */ = {isa = PBXFileReference; lastKnownFileType = image.png; path = "loading1@2x.png"; sourceTree = "<group>"; };
		BA1C1E4919B0166C00E018A3 /* loading2@2x.png */ = {isa = PBXFileReference; lastKnownFileType = image.png; path = "loading2@2x.png"; sourceTree = "<group>"; };
		BA1C1E4A19B0166C00E018A3 /* loading3@2x.png */ = {isa = PBXFileReference; lastKnownFileType = image.png; path = "loading3@2x.png"; sourceTree = "<group>"; };
		BA1C1E4B19B0166C00E018A3 /* loading4@2x.png */ = {isa = PBXFileReference; lastKnownFileType = image.png; path = "loading4@2x.png"; sourceTree = "<group>"; };
		BA1C1E4C19B0166C00E018A3 /* loading5@2x.png */ = {isa = PBXFileReference; lastKnownFileType = image.png; path = "loading5@2x.png"; sourceTree = "<group>"; };
		BA1C1E4D19B0166C00E018A3 /* loading6@2x.png */ = {isa = PBXFileReference; lastKnownFileType = image.png; path = "loading6@2x.png"; sourceTree = "<group>"; };
		BA1C1E4E19B0166C00E018A3 /* loading7@2x.png */ = {isa = PBXFileReference; lastKnownFileType = image.png; path = "loading7@2x.png"; sourceTree = "<group>"; };
		BA1C1E4F19B0166C00E018A3 /* loading8@2x.png */ = {isa = PBXFileReference; lastKnownFileType = image.png; path = "loading8@2x.png"; sourceTree = "<group>"; };
		BA1C1E5819B01B9400E018A3 /* loading1@2x~ipad.png */ = {isa = PBXFileReference; lastKnownFileType = image.png; path = "loading1@2x~ipad.png"; sourceTree = "<group>"; };
		BA1C1E5919B01B9400E018A3 /* loading2@2x~ipad.png */ = {isa = PBXFileReference; lastKnownFileType = image.png; path = "loading2@2x~ipad.png"; sourceTree = "<group>"; };
		BA1C1E5A19B01B9400E018A3 /* loading3@2x~ipad.png */ = {isa = PBXFileReference; lastKnownFileType = image.png; path = "loading3@2x~ipad.png"; sourceTree = "<group>"; };
		BA1C1E5B19B01B9400E018A3 /* loading4@2x~ipad.png */ = {isa = PBXFileReference; lastKnownFileType = image.png; path = "loading4@2x~ipad.png"; sourceTree = "<group>"; };
		BA1C1E5C19B01B9400E018A3 /* loading5@2x~ipad.png */ = {isa = PBXFileReference; lastKnownFileType = image.png; path = "loading5@2x~ipad.png"; sourceTree = "<group>"; };
		BA1C1E5D19B01B9400E018A3 /* loading6@2x~ipad.png */ = {isa = PBXFileReference; lastKnownFileType = image.png; path = "loading6@2x~ipad.png"; sourceTree = "<group>"; };
		BA1C1E5E19B01B9400E018A3 /* loading7@2x~ipad.png */ = {isa = PBXFileReference; lastKnownFileType = image.png; path = "loading7@2x~ipad.png"; sourceTree = "<group>"; };
		BA1C1E5F19B01B9400E018A3 /* loading8@2x~ipad.png */ = {isa = PBXFileReference; lastKnownFileType = image.png; path = "loading8@2x~ipad.png"; sourceTree = "<group>"; };
		BA1C1E6819B06CCA00E018A3 /* lanch@2x.png */ = {isa = PBXFileReference; lastKnownFileType = image.png; path = "lanch@2x.png"; sourceTree = "<group>"; };
		BA25C1C619B4A08E00967DE9 /* Default-568h@2x.png */ = {isa = PBXFileReference; lastKnownFileType = image.png; path = "Default-568h@2x.png"; sourceTree = "<group>"; };
		BA28592519AC3CE300A296FF /* icon.png */ = {isa = PBXFileReference; lastKnownFileType = image.png; path = icon.png; sourceTree = "<group>"; };
		BA28592819AC3D5700A296FF /* icon@2x.png */ = {isa = PBXFileReference; lastKnownFileType = image.png; path = "icon@2x.png"; sourceTree = "<group>"; };
		BA28592C19AC670E00A296FF /* MenuButtonItem.h */ = {isa = PBXFileReference; fileEncoding = 4; lastKnownFileType = sourcecode.c.h; path = MenuButtonItem.h; sourceTree = "<group>"; };
		BA28592D19AC670E00A296FF /* MenuButtonItem.m */ = {isa = PBXFileReference; fileEncoding = 4; lastKnownFileType = sourcecode.c.objc; path = MenuButtonItem.m; sourceTree = "<group>"; };
		BA28592E19AC670E00A296FF /* MenuView.h */ = {isa = PBXFileReference; fileEncoding = 4; lastKnownFileType = sourcecode.c.h; path = MenuView.h; sourceTree = "<group>"; };
		BA28592F19AC670E00A296FF /* MenuView.m */ = {isa = PBXFileReference; fileEncoding = 4; lastKnownFileType = sourcecode.c.objc; path = MenuView.m; sourceTree = "<group>"; };
		BA2FC14C19AB26A2006D056F /* liveradio@2x.png */ = {isa = PBXFileReference; lastKnownFileType = image.png; path = "liveradio@2x.png"; sourceTree = "<group>"; };
		BA2FC14D19AB26A2006D056F /* myradio@2x.png */ = {isa = PBXFileReference; lastKnownFileType = image.png; path = "myradio@2x.png"; sourceTree = "<group>"; };
		BA2FC14E19AB26A2006D056F /* news@2x.png */ = {isa = PBXFileReference; lastKnownFileType = image.png; path = "news@2x.png"; sourceTree = "<group>"; };
		BA2FC14F19AB26A2006D056F /* ondemand@2x.png */ = {isa = PBXFileReference; lastKnownFileType = image.png; path = "ondemand@2x.png"; sourceTree = "<group>"; };
		BA43F2E119A7069800EBC61C /* CFNetwork.framework */ = {isa = PBXFileReference; lastKnownFileType = wrapper.framework; name = CFNetwork.framework; path = System/Library/Frameworks/CFNetwork.framework; sourceTree = SDKROOT; };
		BA43F2E319A7080300EBC61C /* Security.framework */ = {isa = PBXFileReference; lastKnownFileType = wrapper.framework; name = Security.framework; path = System/Library/Frameworks/Security.framework; sourceTree = SDKROOT; };
		BA43F2E519A708AD00EBC61C /* QuartzCore.framework */ = {isa = PBXFileReference; lastKnownFileType = wrapper.framework; name = QuartzCore.framework; path = System/Library/Frameworks/QuartzCore.framework; sourceTree = SDKROOT; };
		BA43F2E719A709E200EBC61C /* MobileCoreServices.framework */ = {isa = PBXFileReference; lastKnownFileType = wrapper.framework; name = MobileCoreServices.framework; path = System/Library/Frameworks/MobileCoreServices.framework; sourceTree = SDKROOT; };
		BA43F2E919A709FD00EBC61C /* SystemConfiguration.framework */ = {isa = PBXFileReference; lastKnownFileType = wrapper.framework; name = SystemConfiguration.framework; path = System/Library/Frameworks/SystemConfiguration.framework; sourceTree = SDKROOT; };
		BA43F2EB19A70A2300EBC61C /* CoreFoundation.framework */ = {isa = PBXFileReference; lastKnownFileType = wrapper.framework; name = CoreFoundation.framework; path = System/Library/Frameworks/CoreFoundation.framework; sourceTree = SDKROOT; };
		BA43F2ED19A70AE300EBC61C /* libz.dylib */ = {isa = PBXFileReference; lastKnownFileType = "compiled.mach-o.dylib"; name = libz.dylib; path = usr/lib/libz.dylib; sourceTree = SDKROOT; };
		BA50B78B19B3362A00D8F8A2 /* setting@2x.png */ = {isa = PBXFileReference; lastKnownFileType = image.png; path = "setting@2x.png"; sourceTree = "<group>"; };
		BA50B78E19B353E400D8F8A2 /* PlainData.bundle */ = {isa = PBXFileReference; lastKnownFileType = "wrapper.plug-in"; path = PlainData.bundle; sourceTree = "<group>"; };
		BA55595619A6E2790074092F /* PlainViewController.h */ = {isa = PBXFileReference; fileEncoding = 4; lastKnownFileType = sourcecode.c.h; path = PlainViewController.h; sourceTree = "<group>"; };
		BA55595719A6E2790074092F /* PlainViewController.m */ = {isa = PBXFileReference; fileEncoding = 4; lastKnownFileType = sourcecode.c.objc; path = PlainViewController.m; sourceTree = "<group>"; };
		BA55595D19A6E4530074092F /* MasterContentViewController.h */ = {isa = PBXFileReference; fileEncoding = 4; lastKnownFileType = sourcecode.c.h; path = MasterContentViewController.h; sourceTree = "<group>"; };
		BA55595E19A6E4530074092F /* MasterContentViewController.m */ = {isa = PBXFileReference; fileEncoding = 4; lastKnownFileType = sourcecode.c.objc; path = MasterContentViewController.m; sourceTree = "<group>"; };
		BA9D376119B16FF90081759E /* TextContentView.h */ = {isa = PBXFileReference; fileEncoding = 4; lastKnownFileType = sourcecode.c.h; path = TextContentView.h; sourceTree = "<group>"; };
		BA9D376219B16FF90081759E /* TextContentView.m */ = {isa = PBXFileReference; fileEncoding = 4; lastKnownFileType = sourcecode.c.objc; path = TextContentView.m; sourceTree = "<group>"; };
		BA9D376519B1700C0081759E /* WebContentView.h */ = {isa = PBXFileReference; fileEncoding = 4; lastKnownFileType = sourcecode.c.h; path = WebContentView.h; sourceTree = "<group>"; };
		BA9D376619B1700C0081759E /* WebContentView.m */ = {isa = PBXFileReference; fileEncoding = 4; lastKnownFileType = sourcecode.c.objc; path = WebContentView.m; sourceTree = "<group>"; };
		BA9D376819B170960081759E /* ContentViewProtocal.h */ = {isa = PBXFileReference; lastKnownFileType = sourcecode.c.h; path = ContentViewProtocal.h; sourceTree = "<group>"; };
		BAE2907019A6D4A000B15F17 /* Air6200.app */ = {isa = PBXFileReference; explicitFileType = wrapper.application; includeInIndex = 0; path = Air6200.app; sourceTree = BUILT_PRODUCTS_DIR; };
		BAE2907319A6D4A000B15F17 /* Foundation.framework */ = {isa = PBXFileReference; lastKnownFileType = wrapper.framework; name = Foundation.framework; path = System/Library/Frameworks/Foundation.framework; sourceTree = SDKROOT; };
		BAE2907519A6D4A000B15F17 /* CoreGraphics.framework */ = {isa = PBXFileReference; lastKnownFileType = wrapper.framework; name = CoreGraphics.framework; path = System/Library/Frameworks/CoreGraphics.framework; sourceTree = SDKROOT; };
		BAE2907719A6D4A000B15F17 /* UIKit.framework */ = {isa = PBXFileReference; lastKnownFileType = wrapper.framework; name = UIKit.framework; path = System/Library/Frameworks/UIKit.framework; sourceTree = SDKROOT; };
		BAE2907B19A6D4A000B15F17 /* Air6200-Info.plist */ = {isa = PBXFileReference; lastKnownFileType = text.plist.xml; path = "Air6200-Info.plist"; sourceTree = "<group>"; };
		BAE2907D19A6D4A000B15F17 /* en */ = {isa = PBXFileReference; lastKnownFileType = text.plist.strings; name = en; path = en.lproj/InfoPlist.strings; sourceTree = "<group>"; };
		BAE2907F19A6D4A000B15F17 /* main.m */ = {isa = PBXFileReference; lastKnownFileType = sourcecode.c.objc; path = main.m; sourceTree = "<group>"; };
		BAE2908119A6D4A000B15F17 /* Air6200-Prefix.pch */ = {isa = PBXFileReference; lastKnownFileType = sourcecode.c.h; path = "Air6200-Prefix.pch"; sourceTree = "<group>"; };
		BAE2908219A6D4A000B15F17 /* AppDelegate.h */ = {isa = PBXFileReference; lastKnownFileType = sourcecode.c.h; path = AppDelegate.h; sourceTree = "<group>"; };
		BAE2908319A6D4A000B15F17 /* AppDelegate.m */ = {isa = PBXFileReference; lastKnownFileType = sourcecode.c.objc; path = AppDelegate.m; sourceTree = "<group>"; };
		BAE2908519A6D4A000B15F17 /* Images.xcassets */ = {isa = PBXFileReference; lastKnownFileType = folder.assetcatalog; path = Images.xcassets; sourceTree = "<group>"; };
		BAE2908B19A6D4A000B15F17 /* Air6200Tests.xctest */ = {isa = PBXFileReference; explicitFileType = wrapper.cfbundle; includeInIndex = 0; path = Air6200Tests.xctest; sourceTree = BUILT_PRODUCTS_DIR; };
		BAE2908C19A6D4A000B15F17 /* XCTest.framework */ = {isa = PBXFileReference; lastKnownFileType = wrapper.framework; name = XCTest.framework; path = Library/Frameworks/XCTest.framework; sourceTree = DEVELOPER_DIR; };
		BAE2909419A6D4A000B15F17 /* Air6200Tests-Info.plist */ = {isa = PBXFileReference; lastKnownFileType = text.plist.xml; path = "Air6200Tests-Info.plist"; sourceTree = "<group>"; };
		BAE2909619A6D4A000B15F17 /* en */ = {isa = PBXFileReference; lastKnownFileType = text.plist.strings; name = en; path = en.lproj/InfoPlist.strings; sourceTree = "<group>"; };
		BAE2909819A6D4A000B15F17 /* Air6200Tests.m */ = {isa = PBXFileReference; lastKnownFileType = sourcecode.c.objc; path = Air6200Tests.m; sourceTree = "<group>"; };
		BAE2932F19A6D5F500B15F17 /* ProService.xcodeproj */ = {isa = PBXFileReference; lastKnownFileType = "wrapper.pb-project"; name = ProService.xcodeproj; path = ProService/ProService.xcodeproj; sourceTree = "<group>"; };
		BAE2933819A6D60F00B15F17 /* README.md */ = {isa = PBXFileReference; fileEncoding = 4; lastKnownFileType = text; name = README.md; path = ../README.md; sourceTree = "<group>"; };
		BAF2B1A219AD608F0095E804 /* ArticlesViewController.h */ = {isa = PBXFileReference; fileEncoding = 4; lastKnownFileType = sourcecode.c.h; path = ArticlesViewController.h; sourceTree = "<group>"; };
		BAF2B1A319AD608F0095E804 /* ArticlesViewController.m */ = {isa = PBXFileReference; fileEncoding = 4; lastKnownFileType = sourcecode.c.objc; path = ArticlesViewController.m; sourceTree = "<group>"; };
		BAF2B1A519AD60A60095E804 /* MediaViewController.h */ = {isa = PBXFileReference; fileEncoding = 4; lastKnownFileType = sourcecode.c.h; path = MediaViewController.h; sourceTree = "<group>"; };
		BAF2B1A619AD60A60095E804 /* MediaViewController.m */ = {isa = PBXFileReference; fileEncoding = 4; lastKnownFileType = sourcecode.c.objc; path = MediaViewController.m; sourceTree = "<group>"; };
		BAF2B1AC19AD76A90095E804 /* SettingViewController.h */ = {isa = PBXFileReference; fileEncoding = 4; lastKnownFileType = sourcecode.c.h; path = SettingViewController.h; sourceTree = "<group>"; };
		BAF2B1AD19AD76A90095E804 /* SettingViewController.m */ = {isa = PBXFileReference; fileEncoding = 4; lastKnownFileType = sourcecode.c.objc; path = SettingViewController.m; sourceTree = "<group>"; };
		BAF2B1AF19AD94F00095E804 /* 2-2.txt */ = {isa = PBXFileReference; fileEncoding = 4; lastKnownFileType = text; path = "2-2.txt"; sourceTree = "<group>"; };
		BAF2B1BF19ADAE1A0095E804 /* PlainContentView.h */ = {isa = PBXFileReference; fileEncoding = 4; lastKnownFileType = sourcecode.c.h; path = PlainContentView.h; sourceTree = "<group>"; };
		BAF2B1C019ADAE1A0095E804 /* PlainContentView.m */ = {isa = PBXFileReference; fileEncoding = 4; lastKnownFileType = sourcecode.c.objc; path = PlainContentView.m; sourceTree = "<group>"; };
		BAF2B1C119ADAE1A0095E804 /* PlainListView.h */ = {isa = PBXFileReference; fileEncoding = 4; lastKnownFileType = sourcecode.c.h; path = PlainListView.h; sourceTree = "<group>"; };
		BAF2B1C219ADAE1A0095E804 /* PlainListView.m */ = {isa = PBXFileReference; fileEncoding = 4; lastKnownFileType = sourcecode.c.objc; path = PlainListView.m; sourceTree = "<group>"; };
		BAF2B1C519ADBB980095E804 /* PlainService.h */ = {isa = PBXFileReference; fileEncoding = 4; lastKnownFileType = sourcecode.c.h; path = PlainService.h; sourceTree = "<group>"; };
		BAF2B1C619ADBB980095E804 /* PlainService.m */ = {isa = PBXFileReference; fileEncoding = 4; lastKnownFileType = sourcecode.c.objc; path = PlainService.m; sourceTree = "<group>"; };
		BAF2B1C819ADBC7B0095E804 /* PlainProtocol.h */ = {isa = PBXFileReference; lastKnownFileType = sourcecode.c.h; path = PlainProtocol.h; sourceTree = "<group>"; };
/* End PBXFileReference section */

/* Begin PBXFrameworksBuildPhase section */
		BAE2906D19A6D4A000B15F17 /* Frameworks */ = {
			isa = PBXFrameworksBuildPhase;
			buildActionMask = 2147483647;
			files = (
				BA43F2EE19A70AE300EBC61C /* libz.dylib in Frameworks */,
				BA43F2EC19A70A2300EBC61C /* CoreFoundation.framework in Frameworks */,
				BA43F2E819A709E200EBC61C /* MobileCoreServices.framework in Frameworks */,
				BA43F2E619A708AD00EBC61C /* QuartzCore.framework in Frameworks */,
				BA43F2E419A7080300EBC61C /* Security.framework in Frameworks */,
				BA43F2E219A7069800EBC61C /* CFNetwork.framework in Frameworks */,
				BA55594919A6D64F0074092F /* libProService.a in Frameworks */,
				BAE2907619A6D4A000B15F17 /* CoreGraphics.framework in Frameworks */,
				BAE2907819A6D4A000B15F17 /* UIKit.framework in Frameworks */,
				BAE2907419A6D4A000B15F17 /* Foundation.framework in Frameworks */,
			);
			runOnlyForDeploymentPostprocessing = 0;
		};
		BAE2908819A6D4A000B15F17 /* Frameworks */ = {
			isa = PBXFrameworksBuildPhase;
			buildActionMask = 2147483647;
			files = (
				BAE2908D19A6D4A000B15F17 /* XCTest.framework in Frameworks */,
				BAE2908F19A6D4A000B15F17 /* UIKit.framework in Frameworks */,
				BAE2908E19A6D4A000B15F17 /* Foundation.framework in Frameworks */,
			);
			runOnlyForDeploymentPostprocessing = 0;
		};
/* End PBXFrameworksBuildPhase section */

/* Begin PBXGroup section */
		BA1C1E2719B0146A00E018A3 /* loding */ = {
			isa = PBXGroup;
			children = (
				BA1C1E5819B01B9400E018A3 /* loading1@2x~ipad.png */,
				BA1C1E5919B01B9400E018A3 /* loading2@2x~ipad.png */,
				BA1C1E5A19B01B9400E018A3 /* loading3@2x~ipad.png */,
				BA1C1E5B19B01B9400E018A3 /* loading4@2x~ipad.png */,
				BA1C1E5C19B01B9400E018A3 /* loading5@2x~ipad.png */,
				BA1C1E5D19B01B9400E018A3 /* loading6@2x~ipad.png */,
				BA1C1E5E19B01B9400E018A3 /* loading7@2x~ipad.png */,
				BA1C1E5F19B01B9400E018A3 /* loading8@2x~ipad.png */,
				BA1C1E4819B0166C00E018A3 /* loading1@2x.png */,
				BA1C1E4919B0166C00E018A3 /* loading2@2x.png */,
				BA1C1E4A19B0166C00E018A3 /* loading3@2x.png */,
				BA1C1E4B19B0166C00E018A3 /* loading4@2x.png */,
				BA1C1E4C19B0166C00E018A3 /* loading5@2x.png */,
				BA1C1E4D19B0166C00E018A3 /* loading6@2x.png */,
				BA1C1E4E19B0166C00E018A3 /* loading7@2x.png */,
				BA1C1E4F19B0166C00E018A3 /* loading8@2x.png */,
			);
			path = loding;
			sourceTree = "<group>";
		};
		BA28592B19AC670E00A296FF /* MenuView */ = {
			isa = PBXGroup;
			children = (
				BA28592C19AC670E00A296FF /* MenuButtonItem.h */,
				BA28592D19AC670E00A296FF /* MenuButtonItem.m */,
				BA28592E19AC670E00A296FF /* MenuView.h */,
				BA28592F19AC670E00A296FF /* MenuView.m */,
			);
			path = MenuView;
			sourceTree = "<group>";
		};
		BA28593219AC674000A296FF /* ContentView */ = {
			isa = PBXGroup;
			children = (
				BA9D376119B16FF90081759E /* TextContentView.h */,
				BA9D376219B16FF90081759E /* TextContentView.m */,
				BA9D376519B1700C0081759E /* WebContentView.h */,
				BA9D376619B1700C0081759E /* WebContentView.m */,
				BA9D376819B170960081759E /* ContentViewProtocal.h */,
			);
			path = ContentView;
			sourceTree = "<group>";
		};
		BA55594A19A6D9B00074092F /* Modules */ = {
			isa = PBXGroup;
			children = (
				BAF2B1A819AD74150095E804 /* Setting */,
				BAF2B19919AD605B0095E804 /* Articles */,
				BAF2B19D19AD605B0095E804 /* Media */,
				BA55595919A6E4020074092F /* Common */,
				BA55594B19A6DA280074092F /* Plain */,
			);
			path = Modules;
			sourceTree = "<group>";
		};
		BA55594B19A6DA280074092F /* Plain */ = {
			isa = PBXGroup;
			children = (
				BA55595319A6E2790074092F /* DataSource */,
				BA55595419A6E2790074092F /* Service */,
				BA55595519A6E2790074092F /* UIViewController */,
			);
			path = Plain;
			sourceTree = "<group>";
		};
		BA55594C19A6DA610074092F /* Resource */ = {
			isa = PBXGroup;
			children = (
				BA25C1C619B4A08E00967DE9 /* Default-568h@2x.png */,
				BA50B78B19B3362A00D8F8A2 /* setting@2x.png */,
				BA1C1E6819B06CCA00E018A3 /* lanch@2x.png */,
				BA1C1E2719B0146A00E018A3 /* loding */,
				BAF2B1AF19AD94F00095E804 /* 2-2.txt */,
				BA2FC14C19AB26A2006D056F /* liveradio@2x.png */,
				BA28592519AC3CE300A296FF /* icon.png */,
				BA28592819AC3D5700A296FF /* icon@2x.png */,
				BA2FC14D19AB26A2006D056F /* myradio@2x.png */,
				BA2FC14E19AB26A2006D056F /* news@2x.png */,
				BA2FC14F19AB26A2006D056F /* ondemand@2x.png */,
			);
			path = Resource;
			sourceTree = "<group>";
		};
		BA55595319A6E2790074092F /* DataSource */ = {
			isa = PBXGroup;
			children = (
				BA50B78E19B353E400D8F8A2 /* PlainData.bundle */,
			);
			path = DataSource;
			sourceTree = "<group>";
		};
		BA55595419A6E2790074092F /* Service */ = {
			isa = PBXGroup;
			children = (
				BAF2B1C519ADBB980095E804 /* PlainService.h */,
				BAF2B1C619ADBB980095E804 /* PlainService.m */,
				BAF2B1C819ADBC7B0095E804 /* PlainProtocol.h */,
			);
			path = Service;
			sourceTree = "<group>";
		};
		BA55595519A6E2790074092F /* UIViewController */ = {
			isa = PBXGroup;
			children = (
				BAF2B1BE19ADAE1A0095E804 /* ContentView */,
				BA55595619A6E2790074092F /* PlainViewController.h */,
				BA55595719A6E2790074092F /* PlainViewController.m */,
			);
			path = UIViewController;
			sourceTree = "<group>";
		};
		BA55595919A6E4020074092F /* Common */ = {
			isa = PBXGroup;
			children = (
				BAFC608919AF38E300C7DA3B /* Util */,
				BA55595A19A6E4230074092F /* DataSource */,
				BA55595B19A6E4230074092F /* Service */,
				BA55595C19A6E4230074092F /* UIViewController */,
			);
			path = Common;
			sourceTree = "<group>";
		};
		BA55595A19A6E4230074092F /* DataSource */ = {
			isa = PBXGroup;
			children = (
			);
			path = DataSource;
			sourceTree = "<group>";
		};
		BA55595B19A6E4230074092F /* Service */ = {
			isa = PBXGroup;
			children = (
			);
			path = Service;
			sourceTree = "<group>";
		};
		BA55595C19A6E4230074092F /* UIViewController */ = {
			isa = PBXGroup;
			children = (
				BA28593219AC674000A296FF /* ContentView */,
				BA28592B19AC670E00A296FF /* MenuView */,
				BA55595D19A6E4530074092F /* MasterContentViewController.h */,
				BA55595E19A6E4530074092F /* MasterContentViewController.m */,
			);
			path = UIViewController;
			sourceTree = "<group>";
		};
		BAE2906719A6D4A000B15F17 = {
			isa = PBXGroup;
			children = (
				BAE2933819A6D60F00B15F17 /* README.md */,
				BA55594C19A6DA610074092F /* Resource */,
				BAE290A219A6D59900B15F17 /* LIB */,
				BAE2907919A6D4A000B15F17 /* Air6200 */,
				BAE2909219A6D4A000B15F17 /* Air6200Tests */,
				BAE2907219A6D4A000B15F17 /* Frameworks */,
				BAE2907119A6D4A000B15F17 /* Products */,
			);
			sourceTree = "<group>";
		};
		BAE2907119A6D4A000B15F17 /* Products */ = {
			isa = PBXGroup;
			children = (
				BAE2907019A6D4A000B15F17 /* Air6200.app */,
				BAE2908B19A6D4A000B15F17 /* Air6200Tests.xctest */,
			);
			name = Products;
			sourceTree = "<group>";
		};
		BAE2907219A6D4A000B15F17 /* Frameworks */ = {
			isa = PBXGroup;
			children = (
				BA43F2ED19A70AE300EBC61C /* libz.dylib */,
				BA43F2EB19A70A2300EBC61C /* CoreFoundation.framework */,
				BA43F2E919A709FD00EBC61C /* SystemConfiguration.framework */,
				BA43F2E719A709E200EBC61C /* MobileCoreServices.framework */,
				BA43F2E519A708AD00EBC61C /* QuartzCore.framework */,
				BA43F2E319A7080300EBC61C /* Security.framework */,
				BA43F2E119A7069800EBC61C /* CFNetwork.framework */,
				BAE2907319A6D4A000B15F17 /* Foundation.framework */,
				BAE2907519A6D4A000B15F17 /* CoreGraphics.framework */,
				BAE2907719A6D4A000B15F17 /* UIKit.framework */,
				BAE2908C19A6D4A000B15F17 /* XCTest.framework */,
			);
			name = Frameworks;
			sourceTree = "<group>";
		};
		BAE2907919A6D4A000B15F17 /* Air6200 */ = {
			isa = PBXGroup;
			children = (
				BA55594A19A6D9B00074092F /* Modules */,
				BAE2908219A6D4A000B15F17 /* AppDelegate.h */,
				BAE2908319A6D4A000B15F17 /* AppDelegate.m */,
				BAE2908519A6D4A000B15F17 /* Images.xcassets */,
				BAE2907A19A6D4A000B15F17 /* Supporting Files */,
			);
			path = Air6200;
			sourceTree = "<group>";
		};
		BAE2907A19A6D4A000B15F17 /* Supporting Files */ = {
			isa = PBXGroup;
			children = (
				BAE2907B19A6D4A000B15F17 /* Air6200-Info.plist */,
				BAE2907C19A6D4A000B15F17 /* InfoPlist.strings */,
				BAE2907F19A6D4A000B15F17 /* main.m */,
				BAE2908119A6D4A000B15F17 /* Air6200-Prefix.pch */,
			);
			name = "Supporting Files";
			sourceTree = "<group>";
		};
		BAE2909219A6D4A000B15F17 /* Air6200Tests */ = {
			isa = PBXGroup;
			children = (
				BAE2909819A6D4A000B15F17 /* Air6200Tests.m */,
				BAE2909319A6D4A000B15F17 /* Supporting Files */,
			);
			path = Air6200Tests;
			sourceTree = "<group>";
		};
		BAE2909319A6D4A000B15F17 /* Supporting Files */ = {
			isa = PBXGroup;
			children = (
				BAE2909419A6D4A000B15F17 /* Air6200Tests-Info.plist */,
				BAE2909519A6D4A000B15F17 /* InfoPlist.strings */,
			);
			name = "Supporting Files";
			sourceTree = "<group>";
		};
		BAE290A219A6D59900B15F17 /* LIB */ = {
			isa = PBXGroup;
			children = (
				BAE2932F19A6D5F500B15F17 /* ProService.xcodeproj */,
			);
			name = LIB;
			path = ../LIB;
			sourceTree = "<group>";
		};
		BAE2933019A6D5F500B15F17 /* Products */ = {
			isa = PBXGroup;
			children = (
				BAE2933519A6D5F500B15F17 /* libProService.a */,
				BAE2933719A6D5F500B15F17 /* ProServiceTests.xctest */,
			);
			name = Products;
			sourceTree = "<group>";
		};
		BAF2B19919AD605B0095E804 /* Articles */ = {
			isa = PBXGroup;
			children = (
				BAF2B19A19AD605B0095E804 /* DataSource */,
				BAF2B19B19AD605B0095E804 /* Service */,
				BAF2B19C19AD605B0095E804 /* UIViewController */,
			);
			path = Articles;
			sourceTree = "<group>";
		};
		BAF2B19A19AD605B0095E804 /* DataSource */ = {
			isa = PBXGroup;
			children = (
			);
			path = DataSource;
			sourceTree = "<group>";
		};
		BAF2B19B19AD605B0095E804 /* Service */ = {
			isa = PBXGroup;
			children = (
			);
			path = Service;
			sourceTree = "<group>";
		};
		BAF2B19C19AD605B0095E804 /* UIViewController */ = {
			isa = PBXGroup;
			children = (
				BAF2B1A219AD608F0095E804 /* ArticlesViewController.h */,
				BAF2B1A319AD608F0095E804 /* ArticlesViewController.m */,
			);
			path = UIViewController;
			sourceTree = "<group>";
		};
		BAF2B19D19AD605B0095E804 /* Media */ = {
			isa = PBXGroup;
			children = (
				BAF2B19E19AD605B0095E804 /* DataSource */,
				BAF2B19F19AD605B0095E804 /* Service */,
				BAF2B1A019AD605B0095E804 /* UIViewController */,
			);
			path = Media;
			sourceTree = "<group>";
		};
		BAF2B19E19AD605B0095E804 /* DataSource */ = {
			isa = PBXGroup;
			children = (
			);
			path = DataSource;
			sourceTree = "<group>";
		};
		BAF2B19F19AD605B0095E804 /* Service */ = {
			isa = PBXGroup;
			children = (
			);
			path = Service;
			sourceTree = "<group>";
		};
		BAF2B1A019AD605B0095E804 /* UIViewController */ = {
			isa = PBXGroup;
			children = (
				BAF2B1A519AD60A60095E804 /* MediaViewController.h */,
				BAF2B1A619AD60A60095E804 /* MediaViewController.m */,
			);
			path = UIViewController;
			sourceTree = "<group>";
		};
		BAF2B1A819AD74150095E804 /* Setting */ = {
			isa = PBXGroup;
			children = (
				BAF2B1A919AD74150095E804 /* DataSource */,
				BAF2B1AA19AD74150095E804 /* Service */,
				BAF2B1AB19AD74150095E804 /* UIViewController */,
			);
			path = Setting;
			sourceTree = "<group>";
		};
		BAF2B1A919AD74150095E804 /* DataSource */ = {
			isa = PBXGroup;
			children = (
			);
			path = DataSource;
			sourceTree = "<group>";
		};
		BAF2B1AA19AD74150095E804 /* Service */ = {
			isa = PBXGroup;
			children = (
			);
			path = Service;
			sourceTree = "<group>";
		};
		BAF2B1AB19AD74150095E804 /* UIViewController */ = {
			isa = PBXGroup;
			children = (
				BAF2B1AC19AD76A90095E804 /* SettingViewController.h */,
				BAF2B1AD19AD76A90095E804 /* SettingViewController.m */,
			);
			path = UIViewController;
			sourceTree = "<group>";
		};
		BAF2B1BE19ADAE1A0095E804 /* ContentView */ = {
			isa = PBXGroup;
			children = (
				BAF2B1BF19ADAE1A0095E804 /* PlainContentView.h */,
				BAF2B1C019ADAE1A0095E804 /* PlainContentView.m */,
				BAF2B1C119ADAE1A0095E804 /* PlainListView.h */,
				BAF2B1C219ADAE1A0095E804 /* PlainListView.m */,
			);
			path = ContentView;
			sourceTree = "<group>";
		};
		BAFC608919AF38E300C7DA3B /* Util */ = {
			isa = PBXGroup;
			children = (
			);
			path = Util;
			sourceTree = "<group>";
		};
/* End PBXGroup section */

/* Begin PBXNativeTarget section */
		BAE2906F19A6D4A000B15F17 /* Air6200 */ = {
			isa = PBXNativeTarget;
			buildConfigurationList = BAE2909C19A6D4A000B15F17 /* Build configuration list for PBXNativeTarget "Air6200" */;
			buildPhases = (
				BAE2906C19A6D4A000B15F17 /* Sources */,
				BAE2906D19A6D4A000B15F17 /* Frameworks */,
				BAE2906E19A6D4A000B15F17 /* Resources */,
			);
			buildRules = (
			);
			dependencies = (
				BA55594819A6D6410074092F /* PBXTargetDependency */,
			);
			name = Air6200;
			productName = Air6200;
			productReference = BAE2907019A6D4A000B15F17 /* Air6200.app */;
			productType = "com.apple.product-type.application";
		};
		BAE2908A19A6D4A000B15F17 /* Air6200Tests */ = {
			isa = PBXNativeTarget;
			buildConfigurationList = BAE2909F19A6D4A000B15F17 /* Build configuration list for PBXNativeTarget "Air6200Tests" */;
			buildPhases = (
				BAE2908719A6D4A000B15F17 /* Sources */,
				BAE2908819A6D4A000B15F17 /* Frameworks */,
				BAE2908919A6D4A000B15F17 /* Resources */,
			);
			buildRules = (
			);
			dependencies = (
				BAE2909119A6D4A000B15F17 /* PBXTargetDependency */,
			);
			name = Air6200Tests;
			productName = Air6200Tests;
			productReference = BAE2908B19A6D4A000B15F17 /* Air6200Tests.xctest */;
			productType = "com.apple.product-type.bundle.unit-test";
		};
/* End PBXNativeTarget section */

/* Begin PBXProject section */
		BAE2906819A6D4A000B15F17 /* Project object */ = {
			isa = PBXProject;
			attributes = {
				LastUpgradeCheck = 0510;
				ORGANIZATIONNAME = "Jianglei Wang";
				TargetAttributes = {
					BAE2908A19A6D4A000B15F17 = {
						TestTargetID = BAE2906F19A6D4A000B15F17;
					};
				};
			};
			buildConfigurationList = BAE2906B19A6D4A000B15F17 /* Build configuration list for PBXProject "Air6200" */;
			compatibilityVersion = "Xcode 3.2";
			developmentRegion = English;
			hasScannedForEncodings = 0;
			knownRegions = (
				en,
			);
			mainGroup = BAE2906719A6D4A000B15F17;
			productRefGroup = BAE2907119A6D4A000B15F17 /* Products */;
			projectDirPath = "";
			projectReferences = (
				{
					ProductGroup = BAE2933019A6D5F500B15F17 /* Products */;
					ProjectRef = BAE2932F19A6D5F500B15F17 /* ProService.xcodeproj */;
				},
			);
			projectRoot = "";
			targets = (
				BAE2906F19A6D4A000B15F17 /* Air6200 */,
				BAE2908A19A6D4A000B15F17 /* Air6200Tests */,
			);
		};
/* End PBXProject section */

/* Begin PBXReferenceProxy section */
		BAE2933519A6D5F500B15F17 /* libProService.a */ = {
			isa = PBXReferenceProxy;
			fileType = archive.ar;
			path = libProService.a;
			remoteRef = BAE2933419A6D5F500B15F17 /* PBXContainerItemProxy */;
			sourceTree = BUILT_PRODUCTS_DIR;
		};
		BAE2933719A6D5F500B15F17 /* ProServiceTests.xctest */ = {
			isa = PBXReferenceProxy;
			fileType = wrapper.cfbundle;
			path = ProServiceTests.xctest;
			remoteRef = BAE2933619A6D5F500B15F17 /* PBXContainerItemProxy */;
			sourceTree = BUILT_PRODUCTS_DIR;
		};
/* End PBXReferenceProxy section */

/* Begin PBXResourcesBuildPhase section */
		BAE2906E19A6D4A000B15F17 /* Resources */ = {
			isa = PBXResourcesBuildPhase;
			buildActionMask = 2147483647;
			files = (
				BA2FC15019AB26A2006D056F /* liveradio@2x.png in Resources */,
				BA1C1E6719B01B9400E018A3 /* loading8@2x~ipad.png in Resources */,
				BA1C1E6319B01B9400E018A3 /* loading4@2x~ipad.png in Resources */,
				BA50B78C19B3362A00D8F8A2 /* setting@2x.png in Resources */,
				BA1C1E6019B01B9400E018A3 /* loading1@2x~ipad.png in Resources */,
				BA1C1E5119B0166C00E018A3 /* loading2@2x.png in Resources */,
				BA1C1E5719B0166C00E018A3 /* loading8@2x.png in Resources */,
				BA1C1E6119B01B9400E018A3 /* loading2@2x~ipad.png in Resources */,
				BA1C1E5419B0166C00E018A3 /* loading5@2x.png in Resources */,
				BA1C1E6619B01B9400E018A3 /* loading7@2x~ipad.png in Resources */,
				BA1C1E5019B0166C00E018A3 /* loading1@2x.png in Resources */,
				BAE2933919A6D60F00B15F17 /* README.md in Resources */,
				BA1C1E6519B01B9400E018A3 /* loading6@2x~ipad.png in Resources */,
				BA1C1E5519B0166C00E018A3 /* loading6@2x.png in Resources */,
				BA50B78F19B353E400D8F8A2 /* PlainData.bundle in Resources */,
				BAF2B1B019AD94F00095E804 /* 2-2.txt in Resources */,
				BA1C1E5619B0166C00E018A3 /* loading7@2x.png in Resources */,
				BA25C1C719B4A08E00967DE9 /* Default-568h@2x.png in Resources */,
				BAE2907E19A6D4A000B15F17 /* InfoPlist.strings in Resources */,
				BA1C1E6419B01B9400E018A3 /* loading5@2x~ipad.png in Resources */,
				BAE2908619A6D4A000B15F17 /* Images.xcassets in Resources */,
				BA2FC15119AB26A2006D056F /* myradio@2x.png in Resources */,
				BA2FC15319AB26A2006D056F /* ondemand@2x.png in Resources */,
				BA1C1E6919B06CCA00E018A3 /* lanch@2x.png in Resources */,
				BA2FC15219AB26A2006D056F /* news@2x.png in Resources */,
				BA1C1E5319B0166C00E018A3 /* loading4@2x.png in Resources */,
				BA28592619AC3CE300A296FF /* icon.png in Resources */,
				BA1C1E5219B0166C00E018A3 /* loading3@2x.png in Resources */,
				BA1C1E6219B01B9400E018A3 /* loading3@2x~ipad.png in Resources */,
				BA28592919AC3D5700A296FF /* icon@2x.png in Resources */,
			);
			runOnlyForDeploymentPostprocessing = 0;
		};
		BAE2908919A6D4A000B15F17 /* Resources */ = {
			isa = PBXResourcesBuildPhase;
			buildActionMask = 2147483647;
			files = (
				BAE2909719A6D4A000B15F17 /* InfoPlist.strings in Resources */,
			);
			runOnlyForDeploymentPostprocessing = 0;
		};
/* End PBXResourcesBuildPhase section */

/* Begin PBXSourcesBuildPhase section */
		BAE2906C19A6D4A000B15F17 /* Sources */ = {
			isa = PBXSourcesBuildPhase;
			buildActionMask = 2147483647;
			files = (
				BAF2B1C719ADBB980095E804 /* PlainService.m in Sources */,
				BAF2B1A419AD608F0095E804 /* ArticlesViewController.m in Sources */,
				BAF2B1C419ADAE1A0095E804 /* PlainListView.m in Sources */,
				BAE2908419A6D4A000B15F17 /* AppDelegate.m in Sources */,
				BA28593019AC670E00A296FF /* MenuButtonItem.m in Sources */,
				BA55595819A6E2790074092F /* PlainViewController.m in Sources */,
				BA55595F19A6E4530074092F /* MasterContentViewController.m in Sources */,
				BA9D376319B16FF90081759E /* TextContentView.m in Sources */,
				BA28593119AC670E00A296FF /* MenuView.m in Sources */,
				BAE2908019A6D4A000B15F17 /* main.m in Sources */,
				BAF2B1AE19AD76A90095E804 /* SettingViewController.m in Sources */,
				BAF2B1A719AD60A60095E804 /* MediaViewController.m in Sources */,
				BAF2B1C319ADAE1A0095E804 /* PlainContentView.m in Sources */,
				BA9D376719B1700C0081759E /* WebContentView.m in Sources */,
			);
			runOnlyForDeploymentPostprocessing = 0;
		};
		BAE2908719A6D4A000B15F17 /* Sources */ = {
			isa = PBXSourcesBuildPhase;
			buildActionMask = 2147483647;
			files = (
				BAE2909919A6D4A000B15F17 /* Air6200Tests.m in Sources */,
			);
			runOnlyForDeploymentPostprocessing = 0;
		};
/* End PBXSourcesBuildPhase section */

/* Begin PBXTargetDependency section */
		BA55594819A6D6410074092F /* PBXTargetDependency */ = {
			isa = PBXTargetDependency;
			name = ProService;
			targetProxy = BA55594719A6D6410074092F /* PBXContainerItemProxy */;
		};
		BAE2909119A6D4A000B15F17 /* PBXTargetDependency */ = {
			isa = PBXTargetDependency;
			target = BAE2906F19A6D4A000B15F17 /* Air6200 */;
			targetProxy = BAE2909019A6D4A000B15F17 /* PBXContainerItemProxy */;
		};
/* End PBXTargetDependency section */

/* Begin PBXVariantGroup section */
		BAE2907C19A6D4A000B15F17 /* InfoPlist.strings */ = {
			isa = PBXVariantGroup;
			children = (
				BAE2907D19A6D4A000B15F17 /* en */,
			);
			name = InfoPlist.strings;
			sourceTree = "<group>";
		};
		BAE2909519A6D4A000B15F17 /* InfoPlist.strings */ = {
			isa = PBXVariantGroup;
			children = (
				BAE2909619A6D4A000B15F17 /* en */,
			);
			name = InfoPlist.strings;
			sourceTree = "<group>";
		};
/* End PBXVariantGroup section */

/* Begin XCBuildConfiguration section */
		BAE2909A19A6D4A000B15F17 /* Debug */ = {
			isa = XCBuildConfiguration;
			buildSettings = {
				ALWAYS_SEARCH_USER_PATHS = NO;
				CLANG_CXX_LANGUAGE_STANDARD = "gnu++0x";
				CLANG_CXX_LIBRARY = "libc++";
				CLANG_ENABLE_MODULES = YES;
				CLANG_ENABLE_OBJC_ARC = YES;
				CLANG_WARN_BOOL_CONVERSION = YES;
				CLANG_WARN_CONSTANT_CONVERSION = YES;
				CLANG_WARN_DIRECT_OBJC_ISA_USAGE = YES_ERROR;
				CLANG_WARN_EMPTY_BODY = YES;
				CLANG_WARN_ENUM_CONVERSION = YES;
				CLANG_WARN_INT_CONVERSION = YES;
				CLANG_WARN_OBJC_ROOT_CLASS = YES_ERROR;
				CLANG_WARN__DUPLICATE_METHOD_MATCH = YES;
				"CODE_SIGN_IDENTITY[sdk=iphoneos*]" = "iPhone Developer";
				COPY_PHASE_STRIP = NO;
				GCC_C_LANGUAGE_STANDARD = gnu99;
				GCC_DYNAMIC_NO_PIC = NO;
				GCC_OPTIMIZATION_LEVEL = 0;
				GCC_PREPROCESSOR_DEFINITIONS = (
					"DEBUG=1",
					"$(inherited)",
				);
				GCC_SYMBOLS_PRIVATE_EXTERN = NO;
				GCC_WARN_64_TO_32_BIT_CONVERSION = YES;
				GCC_WARN_ABOUT_RETURN_TYPE = YES_ERROR;
				GCC_WARN_UNDECLARED_SELECTOR = YES;
				GCC_WARN_UNINITIALIZED_AUTOS = YES_AGGRESSIVE;
				GCC_WARN_UNUSED_FUNCTION = YES;
				GCC_WARN_UNUSED_VARIABLE = YES;
				IPHONEOS_DEPLOYMENT_TARGET = 7.1;
				ONLY_ACTIVE_ARCH = YES;
				SDKROOT = iphoneos;
				TARGETED_DEVICE_FAMILY = "1,2";
			};
			name = Debug;
		};
		BAE2909B19A6D4A000B15F17 /* Release */ = {
			isa = XCBuildConfiguration;
			buildSettings = {
				ALWAYS_SEARCH_USER_PATHS = NO;
				CLANG_CXX_LANGUAGE_STANDARD = "gnu++0x";
				CLANG_CXX_LIBRARY = "libc++";
				CLANG_ENABLE_MODULES = YES;
				CLANG_ENABLE_OBJC_ARC = YES;
				CLANG_WARN_BOOL_CONVERSION = YES;
				CLANG_WARN_CONSTANT_CONVERSION = YES;
				CLANG_WARN_DIRECT_OBJC_ISA_USAGE = YES_ERROR;
				CLANG_WARN_EMPTY_BODY = YES;
				CLANG_WARN_ENUM_CONVERSION = YES;
				CLANG_WARN_INT_CONVERSION = YES;
				CLANG_WARN_OBJC_ROOT_CLASS = YES_ERROR;
				CLANG_WARN__DUPLICATE_METHOD_MATCH = YES;
				"CODE_SIGN_IDENTITY[sdk=iphoneos*]" = "iPhone Developer";
				COPY_PHASE_STRIP = YES;
				ENABLE_NS_ASSERTIONS = NO;
				GCC_C_LANGUAGE_STANDARD = gnu99;
				GCC_WARN_64_TO_32_BIT_CONVERSION = YES;
				GCC_WARN_ABOUT_RETURN_TYPE = YES_ERROR;
				GCC_WARN_UNDECLARED_SELECTOR = YES;
				GCC_WARN_UNINITIALIZED_AUTOS = YES_AGGRESSIVE;
				GCC_WARN_UNUSED_FUNCTION = YES;
				GCC_WARN_UNUSED_VARIABLE = YES;
				IPHONEOS_DEPLOYMENT_TARGET = 7.1;
				SDKROOT = iphoneos;
				TARGETED_DEVICE_FAMILY = "1,2";
				VALIDATE_PRODUCT = YES;
			};
			name = Release;
		};
		BAE2909D19A6D4A000B15F17 /* Debug */ = {
			isa = XCBuildConfiguration;
			buildSettings = {
				CODE_SIGN_IDENTITY = "iPhone Developer: Chao Chen (7NSL6V5Q6Z)";
				"CODE_SIGN_IDENTITY[sdk=iphoneos*]" = "iPhone Developer: Chao Chen (7NSL6V5Q6Z)";
				GCC_PRECOMPILE_PREFIX_HEADER = YES;
				GCC_PREFIX_HEADER = "Air6200/Air6200-Prefix.pch";
				HEADER_SEARCH_PATHS = (
					"$(inherited)",
					/Applications/Xcode.app/Contents/Developer/Toolchains/XcodeDefault.xctoolchain/usr/include,
					../ProService/,
				);
				INFOPLIST_FILE = "Air6200/Air6200-Info.plist";
				LIBRARY_SEARCH_PATHS = (
					"$(inherited)",
					/Users/wangjianglei/probasement/LIB,
				);
				OTHER_LDFLAGS = "-ObjC";
				PRODUCT_NAME = "$(TARGET_NAME)";
				PROVISIONING_PROFILE = "d471e7e6-5a20-4e2a-b40f-ce53938d82f5";
				USER_HEADER_SEARCH_PATHS = "";
				WRAPPER_EXTENSION = app;
			};
			name = Debug;
		};
		BAE2909E19A6D4A000B15F17 /* Release */ = {
			isa = XCBuildConfiguration;
			buildSettings = {
				CODE_SIGN_IDENTITY = "iPhone Distribution: Suzhou BAIT AL-HIKMA Solutions.,Ltd";
				"CODE_SIGN_IDENTITY[sdk=iphoneos*]" = "iPhone Distribution: Suzhou BAIT AL-HIKMA Solutions.,Ltd";
				GCC_PRECOMPILE_PREFIX_HEADER = YES;
				GCC_PREFIX_HEADER = "Air6200/Air6200-Prefix.pch";
				HEADER_SEARCH_PATHS = (
					"$(inherited)",
					/Applications/Xcode.app/Contents/Developer/Toolchains/XcodeDefault.xctoolchain/usr/include,
					../ProService/,
				);
				INFOPLIST_FILE = "Air6200/Air6200-Info.plist";
				LIBRARY_SEARCH_PATHS = (
					"$(inherited)",
					/Users/wangjianglei/probasement/LIB,
				);
				OTHER_LDFLAGS = "-ObjC";
				PRODUCT_NAME = "$(TARGET_NAME)";
				PROVISIONING_PROFILE = "c20e85d8-462e-4eef-977a-1c17e4f18e67";
				USER_HEADER_SEARCH_PATHS = "";
				WRAPPER_EXTENSION = app;
			};
			name = Release;
		};
		BAE290A019A6D4A000B15F17 /* Debug */ = {
			isa = XCBuildConfiguration;
			buildSettings = {
				BUNDLE_LOADER = "$(BUILT_PRODUCTS_DIR)/Air6200.app/Air6200";
				FRAMEWORK_SEARCH_PATHS = (
					"$(SDKROOT)/Developer/Library/Frameworks",
					"$(inherited)",
					"$(DEVELOPER_FRAMEWORKS_DIR)",
				);
				GCC_PRECOMPILE_PREFIX_HEADER = YES;
				GCC_PREFIX_HEADER = "Air6200/Air6200-Prefix.pch";
				GCC_PREPROCESSOR_DEFINITIONS = (
					"DEBUG=1",
					"$(inherited)",
				);
				INFOPLIST_FILE = "Air6200Tests/Air6200Tests-Info.plist";
				PRODUCT_NAME = "$(TARGET_NAME)";
				TEST_HOST = "$(BUNDLE_LOADER)";
				WRAPPER_EXTENSION = xctest;
			};
			name = Debug;
		};
		BAE290A119A6D4A000B15F17 /* Release */ = {
			isa = XCBuildConfiguration;
			buildSettings = {
				BUNDLE_LOADER = "$(BUILT_PRODUCTS_DIR)/Air6200.app/Air6200";
				FRAMEWORK_SEARCH_PATHS = (
					"$(SDKROOT)/Developer/Library/Frameworks",
					"$(inherited)",
					"$(DEVELOPER_FRAMEWORKS_DIR)",
				);
				GCC_PRECOMPILE_PREFIX_HEADER = YES;
				GCC_PREFIX_HEADER = "Air6200/Air6200-Prefix.pch";
				INFOPLIST_FILE = "Air6200Tests/Air6200Tests-Info.plist";
				PRODUCT_NAME = "$(TARGET_NAME)";
				TEST_HOST = "$(BUNDLE_LOADER)";
				WRAPPER_EXTENSION = xctest;
			};
			name = Release;
		};
/* End XCBuildConfiguration section */

/* Begin XCConfigurationList section */
		BAE2906B19A6D4A000B15F17 /* Build configuration list for PBXProject "Air6200" */ = {
			isa = XCConfigurationList;
			buildConfigurations = (
				BAE2909A19A6D4A000B15F17 /* Debug */,
				BAE2909B19A6D4A000B15F17 /* Release */,
			);
			defaultConfigurationIsVisible = 0;
			defaultConfigurationName = Release;
		};
		BAE2909C19A6D4A000B15F17 /* Build configuration list for PBXNativeTarget "Air6200" */ = {
			isa = XCConfigurationList;
			buildConfigurations = (
				BAE2909D19A6D4A000B15F17 /* Debug */,
				BAE2909E19A6D4A000B15F17 /* Release */,
			);
			defaultConfigurationIsVisible = 0;
			defaultConfigurationName = Release;
		};
		BAE2909F19A6D4A000B15F17 /* Build configuration list for PBXNativeTarget "Air6200Tests" */ = {
			isa = XCConfigurationList;
			buildConfigurations = (
				BAE290A019A6D4A000B15F17 /* Debug */,
				BAE290A119A6D4A000B15F17 /* Release */,
			);
			defaultConfigurationIsVisible = 0;
			defaultConfigurationName = Release;
		};
/* End XCConfigurationList section */
	};
	rootObject = BAE2906819A6D4A000B15F17 /* Project object */;
}
